// !$*UTF8*$!
{
	archiveVersion = 1;
	classes = {
	};
	objectVersion = 56;
	objects = {

/* Begin PBXBuildFile section */
		DE0659252AE29F5D00431F39 /* EssentialFeed.framework in Frameworks */ = {isa = PBXBuildFile; fileRef = DE06591C2AE29F5D00431F39 /* EssentialFeed.framework */; };
		DE0659352AE29FC200431F39 /* FeedImage.swift in Sources */ = {isa = PBXBuildFile; fileRef = DE0659342AE29FC200431F39 /* FeedImage.swift */; };
		DE0659372AE2A00400431F39 /* FeedLoader.swift in Sources */ = {isa = PBXBuildFile; fileRef = DE0659362AE2A00400431F39 /* FeedLoader.swift */; };
		DE06593A2AE2A40100431F39 /* LoadFeedFromRemoteUseCaseTests.swift in Sources */ = {isa = PBXBuildFile; fileRef = DE0659392AE2A40100431F39 /* LoadFeedFromRemoteUseCaseTests.swift */; };
		DE06593D2AE32CCA00431F39 /* RemoteFeedLoader.swift in Sources */ = {isa = PBXBuildFile; fileRef = DE06593C2AE32CCA00431F39 /* RemoteFeedLoader.swift */; };
		DE06593F2AE3720000431F39 /* HTTPClient.swift in Sources */ = {isa = PBXBuildFile; fileRef = DE06593E2AE3720000431F39 /* HTTPClient.swift */; };
		DE0659412AE3724D00431F39 /* FeedItemsMapper.swift in Sources */ = {isa = PBXBuildFile; fileRef = DE0659402AE3724D00431F39 /* FeedItemsMapper.swift */; };
		DE0659442AE38A1400431F39 /* URLSessionHTTPClientTests.swift in Sources */ = {isa = PBXBuildFile; fileRef = DE0659432AE38A1400431F39 /* URLSessionHTTPClientTests.swift */; };
		DE0659472AE3A93C00431F39 /* trackForMemoryLeaks.swift in Sources */ = {isa = PBXBuildFile; fileRef = DE0659462AE3A93C00431F39 /* trackForMemoryLeaks.swift */; };
		DE0659492AE3B18600431F39 /* URLSessionHTTPClient.swift in Sources */ = {isa = PBXBuildFile; fileRef = DE0659482AE3B18600431F39 /* URLSessionHTTPClient.swift */; };
		DE0659512AE3B37B00431F39 /* EssentialFeedAPIEndToEndTests.swift in Sources */ = {isa = PBXBuildFile; fileRef = DE0659502AE3B37B00431F39 /* EssentialFeedAPIEndToEndTests.swift */; };
		DE0659522AE3B37B00431F39 /* EssentialFeed.framework in Frameworks */ = {isa = PBXBuildFile; fileRef = DE06591C2AE29F5D00431F39 /* EssentialFeed.framework */; };
		DE0659582AE3B50000431F39 /* trackForMemoryLeaks.swift in Sources */ = {isa = PBXBuildFile; fileRef = DE0659462AE3A93C00431F39 /* trackForMemoryLeaks.swift */; };
		DE2C566A2B18AD1700EC8FEA /* CacheFeedUseCaseTests.swift in Sources */ = {isa = PBXBuildFile; fileRef = DE2C56692B18AD1700EC8FEA /* CacheFeedUseCaseTests.swift */; };
		DE2C566D2B1C5D5F00EC8FEA /* LocalFeedLoader.swift in Sources */ = {isa = PBXBuildFile; fileRef = DE2C566C2B1C5D5F00EC8FEA /* LocalFeedLoader.swift */; };
		DE2C566F2B1C5E2300EC8FEA /* FeedStore.swift in Sources */ = {isa = PBXBuildFile; fileRef = DE2C566E2B1C5E2300EC8FEA /* FeedStore.swift */; };
		DE2C56712B1C68AE00EC8FEA /* RomoteFeedItem.swift in Sources */ = {isa = PBXBuildFile; fileRef = DE2C56702B1C68AE00EC8FEA /* RomoteFeedItem.swift */; };
		DE2C56732B1C68FF00EC8FEA /* LocalFeedImage.swift in Sources */ = {isa = PBXBuildFile; fileRef = DE2C56722B1C68FF00EC8FEA /* LocalFeedImage.swift */; };
		DE2C56752B1C6DC100EC8FEA /* LoadFeedFromCacheUseCaseTests.swift in Sources */ = {isa = PBXBuildFile; fileRef = DE2C56742B1C6DC100EC8FEA /* LoadFeedFromCacheUseCaseTests.swift */; };
		DE2C56772B1C6EBE00EC8FEA /* FeedStoreSpy.swift in Sources */ = {isa = PBXBuildFile; fileRef = DE2C56762B1C6EBE00EC8FEA /* FeedStoreSpy.swift */; };
		DE7C26A82B2E5E9900E6B61A /* ValidateFeedCacheUseCaseTests.swift in Sources */ = {isa = PBXBuildFile; fileRef = DE7C26A72B2E5E9900E6B61A /* ValidateFeedCacheUseCaseTests.swift */; };
		DE7C26AA2B2E6A0500E6B61A /* SharedTestHelpers.swift in Sources */ = {isa = PBXBuildFile; fileRef = DE7C26A92B2E6A0500E6B61A /* SharedTestHelpers.swift */; };
		DE7C26AD2B2E6A3100E6B61A /* FeedCacheTestHelpers.swift in Sources */ = {isa = PBXBuildFile; fileRef = DE7C26AC2B2E6A3100E6B61A /* FeedCacheTestHelpers.swift */; };
		DE7C26AF2B2E8D2D00E6B61A /* FeedCachePolicy.swift in Sources */ = {isa = PBXBuildFile; fileRef = DE7C26AE2B2E8D2D00E6B61A /* FeedCachePolicy.swift */; };
		DE7C26B52B3056A400E6B61A /* FeedStoreSpecs.swift in Sources */ = {isa = PBXBuildFile; fileRef = DE7C26B42B3056A400E6B61A /* FeedStoreSpecs.swift */; };
		DE7C26B72B30F25500E6B61A /* XCTestCase+FeedStoreSpecs.swift in Sources */ = {isa = PBXBuildFile; fileRef = DE7C26B62B30F25500E6B61A /* XCTestCase+FeedStoreSpecs.swift */; };
		DE7C26B92B30FBC200E6B61A /* XCTestCase+FailableRetrieveFeedStoreSpecs.swift in Sources */ = {isa = PBXBuildFile; fileRef = DE7C26B82B30FBC200E6B61A /* XCTestCase+FailableRetrieveFeedStoreSpecs.swift */; };
		DE7C26BB2B30FDB300E6B61A /* XCTestCase+FailableInsertFeedStoreSpecs.swift in Sources */ = {isa = PBXBuildFile; fileRef = DE7C26BA2B30FDB300E6B61A /* XCTestCase+FailableInsertFeedStoreSpecs.swift */; };
		DE7C26BD2B30FFA600E6B61A /* XCTestCase+FailableDeleteFeedStoreSpecs.swift in Sources */ = {isa = PBXBuildFile; fileRef = DE7C26BC2B30FFA600E6B61A /* XCTestCase+FailableDeleteFeedStoreSpecs.swift */; };
		DE7C26C02B3121B500E6B61A /* CoreDataFeedStoreTests.swift in Sources */ = {isa = PBXBuildFile; fileRef = DE7C26BF2B3121B500E6B61A /* CoreDataFeedStoreTests.swift */; };
		DE7C26C22B3122AC00E6B61A /* CoreDataFeedStore.swift in Sources */ = {isa = PBXBuildFile; fileRef = DE7C26C12B3122AC00E6B61A /* CoreDataFeedStore.swift */; };
		DE7C26C52B31251000E6B61A /* FeedStore.xcdatamodeld in Sources */ = {isa = PBXBuildFile; fileRef = DE7C26C32B31251000E6B61A /* FeedStore.xcdatamodeld */; };
		DE7C26CA2B31687900E6B61A /* CoreDataHelpers.swift in Sources */ = {isa = PBXBuildFile; fileRef = DE7C26C92B31687900E6B61A /* CoreDataHelpers.swift */; };
		DE7C26CC2B316C1D00E6B61A /* ManagedCache.swift in Sources */ = {isa = PBXBuildFile; fileRef = DE7C26CB2B316C1D00E6B61A /* ManagedCache.swift */; };
		DE7C26CE2B316C4300E6B61A /* ManagedFeedImage.swift in Sources */ = {isa = PBXBuildFile; fileRef = DE7C26CD2B316C4300E6B61A /* ManagedFeedImage.swift */; };
		DE7C26E52B31702800E6B61A /* EssentialFeedCacheIntegrationTests.swift in Sources */ = {isa = PBXBuildFile; fileRef = DE7C26E42B31702800E6B61A /* EssentialFeedCacheIntegrationTests.swift */; };
		DE7C26E62B31702800E6B61A /* EssentialFeed.framework in Frameworks */ = {isa = PBXBuildFile; fileRef = DE06591C2AE29F5D00431F39 /* EssentialFeed.framework */; };
		DE7C26EC2B31719100E6B61A /* trackForMemoryLeaks.swift in Sources */ = {isa = PBXBuildFile; fileRef = DE0659462AE3A93C00431F39 /* trackForMemoryLeaks.swift */; };
		DE7C26ED2B324D0C00E6B61A /* FeedCacheTestHelpers.swift in Sources */ = {isa = PBXBuildFile; fileRef = DE7C26AC2B2E6A3100E6B61A /* FeedCacheTestHelpers.swift */; };
		DE7C26EE2B324D1D00E6B61A /* SharedTestHelpers.swift in Sources */ = {isa = PBXBuildFile; fileRef = DE7C26A92B2E6A0500E6B61A /* SharedTestHelpers.swift */; };
		DEB574CE2B37E238007CBC30 /* EssentialFeediOS.framework in Frameworks */ = {isa = PBXBuildFile; fileRef = DEB574C62B37E237007CBC30 /* EssentialFeediOS.framework */; };
		DEB574DD2B3A9699007CBC30 /* FeedUIIntegrationTests.swift in Sources */ = {isa = PBXBuildFile; fileRef = DEB574DC2B3A9699007CBC30 /* FeedUIIntegrationTests.swift */; };
		DEB574DE2B3A9AFB007CBC30 /* trackForMemoryLeaks.swift in Sources */ = {isa = PBXBuildFile; fileRef = DE0659462AE3A93C00431F39 /* trackForMemoryLeaks.swift */; };
		DEB574E02B3B7E32007CBC30 /* FeedViewController.swift in Sources */ = {isa = PBXBuildFile; fileRef = DEB574DF2B3B7E32007CBC30 /* FeedViewController.swift */; };
		DEB574E22B3BB772007CBC30 /* FeedImageCell.swift in Sources */ = {isa = PBXBuildFile; fileRef = DEB574E12B3BB772007CBC30 /* FeedImageCell.swift */; };
		DEB574E42B3E3092007CBC30 /* UIView+Shimmering.swift in Sources */ = {isa = PBXBuildFile; fileRef = DEB574E32B3E3092007CBC30 /* UIView+Shimmering.swift */; };
		DEB574E92B3FF24A007CBC30 /* EssentialFeed.framework in Frameworks */ = {isa = PBXBuildFile; fileRef = DE06591C2AE29F5D00431F39 /* EssentialFeed.framework */; platformFilter = ios; };
		DEB574EE2B3FF288007CBC30 /* UIImage+TestHelpers.swift in Sources */ = {isa = PBXBuildFile; fileRef = DEB574E62B3FF13B007CBC30 /* UIImage+TestHelpers.swift */; };
		DEB574F02B3FF2F0007CBC30 /* UIRefreshControl+TestHelpers.swift in Sources */ = {isa = PBXBuildFile; fileRef = DEB574EF2B3FF2F0007CBC30 /* UIRefreshControl+TestHelpers.swift */; };
		DEB574F22B3FF351007CBC30 /* UIButton+TestHelpers.swift in Sources */ = {isa = PBXBuildFile; fileRef = DEB574F12B3FF351007CBC30 /* UIButton+TestHelpers.swift */; };
		DEB574F42B3FF3B6007CBC30 /* UIControl+TestHelpers.swift in Sources */ = {isa = PBXBuildFile; fileRef = DEB574F32B3FF3B6007CBC30 /* UIControl+TestHelpers.swift */; };
		DEB574FA2B3FF497007CBC30 /* FeedViewController+TestHelpers.swift in Sources */ = {isa = PBXBuildFile; fileRef = DEB574F92B3FF497007CBC30 /* FeedViewController+TestHelpers.swift */; };
		DEB574FC2B3FF4D4007CBC30 /* FeedImageCell+TestHelpers.swift in Sources */ = {isa = PBXBuildFile; fileRef = DEB574FB2B3FF4D4007CBC30 /* FeedImageCell+TestHelpers.swift */; };
		DEB574FE2B3FF53B007CBC30 /* FeedUIIntegrationTests+LoaderSpy.swift in Sources */ = {isa = PBXBuildFile; fileRef = DEB574FD2B3FF53B007CBC30 /* FeedUIIntegrationTests+LoaderSpy.swift */; };
		DEB575002B3FF5CD007CBC30 /* FeedUIIntegrationTests+Assertions.swift in Sources */ = {isa = PBXBuildFile; fileRef = DEB574FF2B3FF5CD007CBC30 /* FeedUIIntegrationTests+Assertions.swift */; };
		DEB575042B3FF823007CBC30 /* FeedImageDataLoader.swift in Sources */ = {isa = PBXBuildFile; fileRef = DEB575032B3FF823007CBC30 /* FeedImageDataLoader.swift */; };
		DEB575092B3FFBFF007CBC30 /* FeedImageCellController.swift in Sources */ = {isa = PBXBuildFile; fileRef = DEB575082B3FFBFF007CBC30 /* FeedImageCellController.swift */; };
		DEB5750C2B400031007CBC30 /* FeedUIComposer.swift in Sources */ = {isa = PBXBuildFile; fileRef = DEB5750B2B400031007CBC30 /* FeedUIComposer.swift */; };
		DEB575112B4037D0007CBC30 /* FeedImageViewModel.swift in Sources */ = {isa = PBXBuildFile; fileRef = DEB575102B4037D0007CBC30 /* FeedImageViewModel.swift */; };
		DEB575132B403CDC007CBC30 /* FeedPresenter.swift in Sources */ = {isa = PBXBuildFile; fileRef = DEB575122B403CDC007CBC30 /* FeedPresenter.swift */; };
		DEB575152B404FD8007CBC30 /* FeedImagePresenter.swift in Sources */ = {isa = PBXBuildFile; fileRef = DEB575142B404FD8007CBC30 /* FeedImagePresenter.swift */; };
		DEB575172B4052CF007CBC30 /* FeedLoadingViewModel.swift in Sources */ = {isa = PBXBuildFile; fileRef = DEB575162B4052CF007CBC30 /* FeedLoadingViewModel.swift */; };
		DEB575192B4052FC007CBC30 /* FeedViewModel.swift in Sources */ = {isa = PBXBuildFile; fileRef = DEB575182B4052FC007CBC30 /* FeedViewModel.swift */; };
		DEB5751B2B40F665007CBC30 /* Feed.xcassets in Resources */ = {isa = PBXBuildFile; fileRef = DEB5751A2B40F665007CBC30 /* Feed.xcassets */; };
		DEB5751D2B40F691007CBC30 /* Feed.storyboard in Resources */ = {isa = PBXBuildFile; fileRef = DEB5751C2B40F691007CBC30 /* Feed.storyboard */; };
		DEB5751F2B42EDE9007CBC30 /* UITableView+Dequeueing.swift in Sources */ = {isa = PBXBuildFile; fileRef = DEB5751E2B42EDE9007CBC30 /* UITableView+Dequeueing.swift */; };
		DEB575212B42EEC3007CBC30 /* UIImageView+Animations.swift in Sources */ = {isa = PBXBuildFile; fileRef = DEB575202B42EEC3007CBC30 /* UIImageView+Animations.swift */; };
		DEB575252B430181007CBC30 /* FeedUIIntegrationTests+Localization.swift in Sources */ = {isa = PBXBuildFile; fileRef = DEB575242B430181007CBC30 /* FeedUIIntegrationTests+Localization.swift */; };
		DEB575262B4303B8007CBC30 /* Feed.strings in Resources */ = {isa = PBXBuildFile; fileRef = DEB575282B4303B8007CBC30 /* Feed.strings */; };
		DEB5752D2B430475007CBC30 /* FeedLocalizationTests.swift in Sources */ = {isa = PBXBuildFile; fileRef = DEB5752C2B430475007CBC30 /* FeedLocalizationTests.swift */; };
		DEB5752F2B43E35F007CBC30 /* MainQueueDispatchDecorator.swift in Sources */ = {isa = PBXBuildFile; fileRef = DEB5752E2B43E35F007CBC30 /* MainQueueDispatchDecorator.swift */; };
		DEB575312B43E58D007CBC30 /* WeakRefVirtualProxy.swift in Sources */ = {isa = PBXBuildFile; fileRef = DEB575302B43E58D007CBC30 /* WeakRefVirtualProxy.swift */; };
		DEB575332B43E7C7007CBC30 /* FeedImageDataLoaderPresentationAdapter.swift in Sources */ = {isa = PBXBuildFile; fileRef = DEB575322B43E7C7007CBC30 /* FeedImageDataLoaderPresentationAdapter.swift */; };
		DEB575352B43E8CF007CBC30 /* FeedLoaderPresentationAdapter.swift in Sources */ = {isa = PBXBuildFile; fileRef = DEB575342B43E8CF007CBC30 /* FeedLoaderPresentationAdapter.swift */; };
		DEB575372B43E913007CBC30 /* FeedViewAdapter.swift in Sources */ = {isa = PBXBuildFile; fileRef = DEB575362B43E913007CBC30 /* FeedViewAdapter.swift */; };
		DEB575392B43F574007CBC30 /* ErrorView.swift in Sources */ = {isa = PBXBuildFile; fileRef = DEB575382B43F574007CBC30 /* ErrorView.swift */; };
		DEB5753C2B43F70C007CBC30 /* FeedErrorViewModel.swift in Sources */ = {isa = PBXBuildFile; fileRef = DEB5753B2B43F70C007CBC30 /* FeedErrorViewModel.swift */; };
		DEB5753E2B43F76F007CBC30 /* UIRefreshControl+Helpers.swift in Sources */ = {isa = PBXBuildFile; fileRef = DEB5753D2B43F76F007CBC30 /* UIRefreshControl+Helpers.swift */; };
		DEB575412B44025B007CBC30 /* FeedCacheTestHelpers.swift in Sources */ = {isa = PBXBuildFile; fileRef = DE7C26AC2B2E6A3100E6B61A /* FeedCacheTestHelpers.swift */; };
		DEB575422B44030E007CBC30 /* SharedTestHelpers.swift in Sources */ = {isa = PBXBuildFile; fileRef = DE7C26A92B2E6A0500E6B61A /* SharedTestHelpers.swift */; };
		DEB5754C2B440598007CBC30 /* FeedPresenter.swift in Sources */ = {isa = PBXBuildFile; fileRef = DEB5754B2B440598007CBC30 /* FeedPresenter.swift */; };
		DEB5754E2B44062E007CBC30 /* FeedPresenterTests.swift in Sources */ = {isa = PBXBuildFile; fileRef = DEB5753F2B43F978007CBC30 /* FeedPresenterTests.swift */; };
		DEB5754F2B440651007CBC30 /* Feed.strings in Resources */ = {isa = PBXBuildFile; fileRef = DEB575472B44046B007CBC30 /* Feed.strings */; };
/* End PBXBuildFile section */

/* Begin PBXContainerItemProxy section */
		DE0659262AE29F5D00431F39 /* PBXContainerItemProxy */ = {
			isa = PBXContainerItemProxy;
			containerPortal = DE0659132AE29F5D00431F39 /* Project object */;
			proxyType = 1;
			remoteGlobalIDString = DE06591B2AE29F5D00431F39;
			remoteInfo = EssentialFeed;
		};
		DE0659532AE3B37B00431F39 /* PBXContainerItemProxy */ = {
			isa = PBXContainerItemProxy;
			containerPortal = DE0659132AE29F5D00431F39 /* Project object */;
			proxyType = 1;
			remoteGlobalIDString = DE06591B2AE29F5D00431F39;
			remoteInfo = EssentialFeed;
		};
		DE7C26E72B31702800E6B61A /* PBXContainerItemProxy */ = {
			isa = PBXContainerItemProxy;
			containerPortal = DE0659132AE29F5D00431F39 /* Project object */;
			proxyType = 1;
			remoteGlobalIDString = DE06591B2AE29F5D00431F39;
			remoteInfo = EssentialFeed;
		};
		DEB574CF2B37E238007CBC30 /* PBXContainerItemProxy */ = {
			isa = PBXContainerItemProxy;
			containerPortal = DE0659132AE29F5D00431F39 /* Project object */;
			proxyType = 1;
			remoteGlobalIDString = DEB574C52B37E237007CBC30;
			remoteInfo = EssentialFeediOS;
		};
		DEB574EB2B3FF24A007CBC30 /* PBXContainerItemProxy */ = {
			isa = PBXContainerItemProxy;
			containerPortal = DE0659132AE29F5D00431F39 /* Project object */;
			proxyType = 1;
			remoteGlobalIDString = DE06591B2AE29F5D00431F39;
			remoteInfo = EssentialFeed;
		};
/* End PBXContainerItemProxy section */

/* Begin PBXFileReference section */
		DE06591C2AE29F5D00431F39 /* EssentialFeed.framework */ = {isa = PBXFileReference; explicitFileType = wrapper.framework; includeInIndex = 0; path = EssentialFeed.framework; sourceTree = BUILT_PRODUCTS_DIR; };
		DE0659242AE29F5D00431F39 /* EssentialFeedTests.xctest */ = {isa = PBXFileReference; explicitFileType = wrapper.cfbundle; includeInIndex = 0; path = EssentialFeedTests.xctest; sourceTree = BUILT_PRODUCTS_DIR; };
		DE0659342AE29FC200431F39 /* FeedImage.swift */ = {isa = PBXFileReference; lastKnownFileType = sourcecode.swift; path = FeedImage.swift; sourceTree = "<group>"; };
		DE0659362AE2A00400431F39 /* FeedLoader.swift */ = {isa = PBXFileReference; lastKnownFileType = sourcecode.swift; path = FeedLoader.swift; sourceTree = "<group>"; };
		DE0659392AE2A40100431F39 /* LoadFeedFromRemoteUseCaseTests.swift */ = {isa = PBXFileReference; lastKnownFileType = sourcecode.swift; path = LoadFeedFromRemoteUseCaseTests.swift; sourceTree = "<group>"; };
		DE06593C2AE32CCA00431F39 /* RemoteFeedLoader.swift */ = {isa = PBXFileReference; lastKnownFileType = sourcecode.swift; path = RemoteFeedLoader.swift; sourceTree = "<group>"; };
		DE06593E2AE3720000431F39 /* HTTPClient.swift */ = {isa = PBXFileReference; lastKnownFileType = sourcecode.swift; path = HTTPClient.swift; sourceTree = "<group>"; };
		DE0659402AE3724D00431F39 /* FeedItemsMapper.swift */ = {isa = PBXFileReference; lastKnownFileType = sourcecode.swift; path = FeedItemsMapper.swift; sourceTree = "<group>"; };
		DE0659432AE38A1400431F39 /* URLSessionHTTPClientTests.swift */ = {isa = PBXFileReference; lastKnownFileType = sourcecode.swift; path = URLSessionHTTPClientTests.swift; sourceTree = "<group>"; };
		DE0659462AE3A93C00431F39 /* trackForMemoryLeaks.swift */ = {isa = PBXFileReference; lastKnownFileType = sourcecode.swift; path = trackForMemoryLeaks.swift; sourceTree = "<group>"; };
		DE0659482AE3B18600431F39 /* URLSessionHTTPClient.swift */ = {isa = PBXFileReference; lastKnownFileType = sourcecode.swift; path = URLSessionHTTPClient.swift; sourceTree = "<group>"; };
		DE06594E2AE3B37B00431F39 /* EssentialFeedAPIEndToEndTests.xctest */ = {isa = PBXFileReference; explicitFileType = wrapper.cfbundle; includeInIndex = 0; path = EssentialFeedAPIEndToEndTests.xctest; sourceTree = BUILT_PRODUCTS_DIR; };
		DE0659502AE3B37B00431F39 /* EssentialFeedAPIEndToEndTests.swift */ = {isa = PBXFileReference; lastKnownFileType = sourcecode.swift; path = EssentialFeedAPIEndToEndTests.swift; sourceTree = "<group>"; };
		DE0659592AE3B55200431F39 /* CI.xctestplan */ = {isa = PBXFileReference; lastKnownFileType = text; path = CI.xctestplan; sourceTree = "<group>"; };
		DE2C56692B18AD1700EC8FEA /* CacheFeedUseCaseTests.swift */ = {isa = PBXFileReference; lastKnownFileType = sourcecode.swift; path = CacheFeedUseCaseTests.swift; sourceTree = "<group>"; };
		DE2C566C2B1C5D5F00EC8FEA /* LocalFeedLoader.swift */ = {isa = PBXFileReference; lastKnownFileType = sourcecode.swift; path = LocalFeedLoader.swift; sourceTree = "<group>"; };
		DE2C566E2B1C5E2300EC8FEA /* FeedStore.swift */ = {isa = PBXFileReference; lastKnownFileType = sourcecode.swift; path = FeedStore.swift; sourceTree = "<group>"; };
		DE2C56702B1C68AE00EC8FEA /* RomoteFeedItem.swift */ = {isa = PBXFileReference; lastKnownFileType = sourcecode.swift; path = RomoteFeedItem.swift; sourceTree = "<group>"; };
		DE2C56722B1C68FF00EC8FEA /* LocalFeedImage.swift */ = {isa = PBXFileReference; lastKnownFileType = sourcecode.swift; path = LocalFeedImage.swift; sourceTree = "<group>"; };
		DE2C56742B1C6DC100EC8FEA /* LoadFeedFromCacheUseCaseTests.swift */ = {isa = PBXFileReference; lastKnownFileType = sourcecode.swift; path = LoadFeedFromCacheUseCaseTests.swift; sourceTree = "<group>"; };
		DE2C56762B1C6EBE00EC8FEA /* FeedStoreSpy.swift */ = {isa = PBXFileReference; lastKnownFileType = sourcecode.swift; path = FeedStoreSpy.swift; sourceTree = "<group>"; };
		DE7C26A72B2E5E9900E6B61A /* ValidateFeedCacheUseCaseTests.swift */ = {isa = PBXFileReference; lastKnownFileType = sourcecode.swift; path = ValidateFeedCacheUseCaseTests.swift; sourceTree = "<group>"; };
		DE7C26A92B2E6A0500E6B61A /* SharedTestHelpers.swift */ = {isa = PBXFileReference; lastKnownFileType = sourcecode.swift; path = SharedTestHelpers.swift; sourceTree = "<group>"; };
		DE7C26AC2B2E6A3100E6B61A /* FeedCacheTestHelpers.swift */ = {isa = PBXFileReference; lastKnownFileType = sourcecode.swift; path = FeedCacheTestHelpers.swift; sourceTree = "<group>"; };
		DE7C26AE2B2E8D2D00E6B61A /* FeedCachePolicy.swift */ = {isa = PBXFileReference; lastKnownFileType = sourcecode.swift; path = FeedCachePolicy.swift; sourceTree = "<group>"; };
		DE7C26B42B3056A400E6B61A /* FeedStoreSpecs.swift */ = {isa = PBXFileReference; lastKnownFileType = sourcecode.swift; path = FeedStoreSpecs.swift; sourceTree = "<group>"; };
		DE7C26B62B30F25500E6B61A /* XCTestCase+FeedStoreSpecs.swift */ = {isa = PBXFileReference; lastKnownFileType = sourcecode.swift; path = "XCTestCase+FeedStoreSpecs.swift"; sourceTree = "<group>"; };
		DE7C26B82B30FBC200E6B61A /* XCTestCase+FailableRetrieveFeedStoreSpecs.swift */ = {isa = PBXFileReference; lastKnownFileType = sourcecode.swift; path = "XCTestCase+FailableRetrieveFeedStoreSpecs.swift"; sourceTree = "<group>"; };
		DE7C26BA2B30FDB300E6B61A /* XCTestCase+FailableInsertFeedStoreSpecs.swift */ = {isa = PBXFileReference; lastKnownFileType = sourcecode.swift; path = "XCTestCase+FailableInsertFeedStoreSpecs.swift"; sourceTree = "<group>"; };
		DE7C26BC2B30FFA600E6B61A /* XCTestCase+FailableDeleteFeedStoreSpecs.swift */ = {isa = PBXFileReference; lastKnownFileType = sourcecode.swift; path = "XCTestCase+FailableDeleteFeedStoreSpecs.swift"; sourceTree = "<group>"; };
		DE7C26BF2B3121B500E6B61A /* CoreDataFeedStoreTests.swift */ = {isa = PBXFileReference; lastKnownFileType = sourcecode.swift; path = CoreDataFeedStoreTests.swift; sourceTree = "<group>"; };
		DE7C26C12B3122AC00E6B61A /* CoreDataFeedStore.swift */ = {isa = PBXFileReference; lastKnownFileType = sourcecode.swift; path = CoreDataFeedStore.swift; sourceTree = "<group>"; };
		DE7C26C42B31251000E6B61A /* FeedStore.xcdatamodel */ = {isa = PBXFileReference; lastKnownFileType = wrapper.xcdatamodel; path = FeedStore.xcdatamodel; sourceTree = "<group>"; };
		DE7C26C92B31687900E6B61A /* CoreDataHelpers.swift */ = {isa = PBXFileReference; lastKnownFileType = sourcecode.swift; path = CoreDataHelpers.swift; sourceTree = "<group>"; };
		DE7C26CB2B316C1D00E6B61A /* ManagedCache.swift */ = {isa = PBXFileReference; lastKnownFileType = sourcecode.swift; path = ManagedCache.swift; sourceTree = "<group>"; };
		DE7C26CD2B316C4300E6B61A /* ManagedFeedImage.swift */ = {isa = PBXFileReference; lastKnownFileType = sourcecode.swift; path = ManagedFeedImage.swift; sourceTree = "<group>"; };
		DE7C26E22B31702800E6B61A /* EssentialFeedCacheIntegrationTests.xctest */ = {isa = PBXFileReference; explicitFileType = wrapper.cfbundle; includeInIndex = 0; path = EssentialFeedCacheIntegrationTests.xctest; sourceTree = BUILT_PRODUCTS_DIR; };
		DE7C26E42B31702800E6B61A /* EssentialFeedCacheIntegrationTests.swift */ = {isa = PBXFileReference; lastKnownFileType = sourcecode.swift; path = EssentialFeedCacheIntegrationTests.swift; sourceTree = "<group>"; };
		DEB574C02B37E04E007CBC30 /* EssentialFeedAPIEndToEndTests.xctestplan */ = {isa = PBXFileReference; lastKnownFileType = text; path = EssentialFeedAPIEndToEndTests.xctestplan; sourceTree = "<group>"; };
		DEB574C62B37E237007CBC30 /* EssentialFeediOS.framework */ = {isa = PBXFileReference; explicitFileType = wrapper.framework; includeInIndex = 0; path = EssentialFeediOS.framework; sourceTree = BUILT_PRODUCTS_DIR; };
		DEB574CD2B37E238007CBC30 /* EssentialFeediOSTests.xctest */ = {isa = PBXFileReference; explicitFileType = wrapper.cfbundle; includeInIndex = 0; path = EssentialFeediOSTests.xctest; sourceTree = BUILT_PRODUCTS_DIR; };
		DEB574DB2B37E2FB007CBC30 /* EssentialFeediOS.xctestplan */ = {isa = PBXFileReference; lastKnownFileType = text; path = EssentialFeediOS.xctestplan; sourceTree = "<group>"; };
		DEB574DC2B3A9699007CBC30 /* FeedUIIntegrationTests.swift */ = {isa = PBXFileReference; lastKnownFileType = sourcecode.swift; path = FeedUIIntegrationTests.swift; sourceTree = "<group>"; };
		DEB574DF2B3B7E32007CBC30 /* FeedViewController.swift */ = {isa = PBXFileReference; lastKnownFileType = sourcecode.swift; path = FeedViewController.swift; sourceTree = "<group>"; };
		DEB574E12B3BB772007CBC30 /* FeedImageCell.swift */ = {isa = PBXFileReference; lastKnownFileType = sourcecode.swift; path = FeedImageCell.swift; sourceTree = "<group>"; };
		DEB574E32B3E3092007CBC30 /* UIView+Shimmering.swift */ = {isa = PBXFileReference; lastKnownFileType = sourcecode.swift; path = "UIView+Shimmering.swift"; sourceTree = "<group>"; };
		DEB574E62B3FF13B007CBC30 /* UIImage+TestHelpers.swift */ = {isa = PBXFileReference; lastKnownFileType = sourcecode.swift; path = "UIImage+TestHelpers.swift"; sourceTree = "<group>"; };
		DEB574EF2B3FF2F0007CBC30 /* UIRefreshControl+TestHelpers.swift */ = {isa = PBXFileReference; lastKnownFileType = sourcecode.swift; path = "UIRefreshControl+TestHelpers.swift"; sourceTree = "<group>"; };
		DEB574F12B3FF351007CBC30 /* UIButton+TestHelpers.swift */ = {isa = PBXFileReference; lastKnownFileType = sourcecode.swift; path = "UIButton+TestHelpers.swift"; sourceTree = "<group>"; };
		DEB574F32B3FF3B6007CBC30 /* UIControl+TestHelpers.swift */ = {isa = PBXFileReference; lastKnownFileType = sourcecode.swift; path = "UIControl+TestHelpers.swift"; sourceTree = "<group>"; };
		DEB574F92B3FF497007CBC30 /* FeedViewController+TestHelpers.swift */ = {isa = PBXFileReference; lastKnownFileType = sourcecode.swift; path = "FeedViewController+TestHelpers.swift"; sourceTree = "<group>"; };
		DEB574FB2B3FF4D4007CBC30 /* FeedImageCell+TestHelpers.swift */ = {isa = PBXFileReference; lastKnownFileType = sourcecode.swift; path = "FeedImageCell+TestHelpers.swift"; sourceTree = "<group>"; };
		DEB574FD2B3FF53B007CBC30 /* FeedUIIntegrationTests+LoaderSpy.swift */ = {isa = PBXFileReference; lastKnownFileType = sourcecode.swift; path = "FeedUIIntegrationTests+LoaderSpy.swift"; sourceTree = "<group>"; };
		DEB574FF2B3FF5CD007CBC30 /* FeedUIIntegrationTests+Assertions.swift */ = {isa = PBXFileReference; lastKnownFileType = sourcecode.swift; path = "FeedUIIntegrationTests+Assertions.swift"; sourceTree = "<group>"; };
		DEB575032B3FF823007CBC30 /* FeedImageDataLoader.swift */ = {isa = PBXFileReference; lastKnownFileType = sourcecode.swift; path = FeedImageDataLoader.swift; sourceTree = "<group>"; };
		DEB575082B3FFBFF007CBC30 /* FeedImageCellController.swift */ = {isa = PBXFileReference; lastKnownFileType = sourcecode.swift; path = FeedImageCellController.swift; sourceTree = "<group>"; };
		DEB5750B2B400031007CBC30 /* FeedUIComposer.swift */ = {isa = PBXFileReference; lastKnownFileType = sourcecode.swift; path = FeedUIComposer.swift; sourceTree = "<group>"; };
		DEB575102B4037D0007CBC30 /* FeedImageViewModel.swift */ = {isa = PBXFileReference; lastKnownFileType = sourcecode.swift; path = FeedImageViewModel.swift; sourceTree = "<group>"; };
		DEB575122B403CDC007CBC30 /* FeedPresenter.swift */ = {isa = PBXFileReference; lastKnownFileType = sourcecode.swift; path = FeedPresenter.swift; sourceTree = "<group>"; };
		DEB575142B404FD8007CBC30 /* FeedImagePresenter.swift */ = {isa = PBXFileReference; lastKnownFileType = sourcecode.swift; path = FeedImagePresenter.swift; sourceTree = "<group>"; };
		DEB575162B4052CF007CBC30 /* FeedLoadingViewModel.swift */ = {isa = PBXFileReference; lastKnownFileType = sourcecode.swift; path = FeedLoadingViewModel.swift; sourceTree = "<group>"; };
		DEB575182B4052FC007CBC30 /* FeedViewModel.swift */ = {isa = PBXFileReference; lastKnownFileType = sourcecode.swift; path = FeedViewModel.swift; sourceTree = "<group>"; };
		DEB5751A2B40F665007CBC30 /* Feed.xcassets */ = {isa = PBXFileReference; lastKnownFileType = folder.assetcatalog; path = Feed.xcassets; sourceTree = "<group>"; };
		DEB5751C2B40F691007CBC30 /* Feed.storyboard */ = {isa = PBXFileReference; lastKnownFileType = file.storyboard; path = Feed.storyboard; sourceTree = "<group>"; };
		DEB5751E2B42EDE9007CBC30 /* UITableView+Dequeueing.swift */ = {isa = PBXFileReference; lastKnownFileType = sourcecode.swift; path = "UITableView+Dequeueing.swift"; sourceTree = "<group>"; };
		DEB575202B42EEC3007CBC30 /* UIImageView+Animations.swift */ = {isa = PBXFileReference; lastKnownFileType = sourcecode.swift; path = "UIImageView+Animations.swift"; sourceTree = "<group>"; };
		DEB575242B430181007CBC30 /* FeedUIIntegrationTests+Localization.swift */ = {isa = PBXFileReference; lastKnownFileType = sourcecode.swift; path = "FeedUIIntegrationTests+Localization.swift"; sourceTree = "<group>"; };
		DEB575272B4303B8007CBC30 /* en */ = {isa = PBXFileReference; lastKnownFileType = text.plist.strings; name = en; path = en.lproj/Feed.strings; sourceTree = "<group>"; };
		DEB575292B4303EE007CBC30 /* pt-BR */ = {isa = PBXFileReference; lastKnownFileType = text.plist.strings; name = "pt-BR"; path = "pt-BR.lproj/Feed.strings"; sourceTree = "<group>"; };
		DEB5752A2B430428007CBC30 /* el */ = {isa = PBXFileReference; lastKnownFileType = text.plist.strings; name = el; path = el.lproj/Feed.strings; sourceTree = "<group>"; };
		DEB5752C2B430475007CBC30 /* FeedLocalizationTests.swift */ = {isa = PBXFileReference; lastKnownFileType = sourcecode.swift; path = FeedLocalizationTests.swift; sourceTree = "<group>"; };
		DEB5752E2B43E35F007CBC30 /* MainQueueDispatchDecorator.swift */ = {isa = PBXFileReference; lastKnownFileType = sourcecode.swift; path = MainQueueDispatchDecorator.swift; sourceTree = "<group>"; };
		DEB575302B43E58D007CBC30 /* WeakRefVirtualProxy.swift */ = {isa = PBXFileReference; lastKnownFileType = sourcecode.swift; path = WeakRefVirtualProxy.swift; sourceTree = "<group>"; };
		DEB575322B43E7C7007CBC30 /* FeedImageDataLoaderPresentationAdapter.swift */ = {isa = PBXFileReference; lastKnownFileType = sourcecode.swift; path = FeedImageDataLoaderPresentationAdapter.swift; sourceTree = "<group>"; };
		DEB575342B43E8CF007CBC30 /* FeedLoaderPresentationAdapter.swift */ = {isa = PBXFileReference; lastKnownFileType = sourcecode.swift; path = FeedLoaderPresentationAdapter.swift; sourceTree = "<group>"; };
		DEB575362B43E913007CBC30 /* FeedViewAdapter.swift */ = {isa = PBXFileReference; lastKnownFileType = sourcecode.swift; path = FeedViewAdapter.swift; sourceTree = "<group>"; };
		DEB575382B43F574007CBC30 /* ErrorView.swift */ = {isa = PBXFileReference; lastKnownFileType = sourcecode.swift; path = ErrorView.swift; sourceTree = "<group>"; };
		DEB5753B2B43F70C007CBC30 /* FeedErrorViewModel.swift */ = {isa = PBXFileReference; lastKnownFileType = sourcecode.swift; path = FeedErrorViewModel.swift; sourceTree = "<group>"; };
		DEB5753D2B43F76F007CBC30 /* UIRefreshControl+Helpers.swift */ = {isa = PBXFileReference; lastKnownFileType = sourcecode.swift; path = "UIRefreshControl+Helpers.swift"; sourceTree = "<group>"; };
		DEB5753F2B43F978007CBC30 /* FeedPresenterTests.swift */ = {isa = PBXFileReference; lastKnownFileType = sourcecode.swift; path = FeedPresenterTests.swift; sourceTree = "<group>"; };
		DEB575462B44046B007CBC30 /* en */ = {isa = PBXFileReference; lastKnownFileType = text.plist.strings; name = en; path = en.lproj/Feed.strings; sourceTree = "<group>"; };
		DEB575482B44046C007CBC30 /* el */ = {isa = PBXFileReference; lastKnownFileType = text.plist.strings; name = el; path = el.lproj/Feed.strings; sourceTree = "<group>"; };
		DEB575492B44046D007CBC30 /* pt-BR */ = {isa = PBXFileReference; lastKnownFileType = text.plist.strings; name = "pt-BR"; path = "pt-BR.lproj/Feed.strings"; sourceTree = "<group>"; };
		DEB5754B2B440598007CBC30 /* FeedPresenter.swift */ = {isa = PBXFileReference; lastKnownFileType = sourcecode.swift; path = FeedPresenter.swift; sourceTree = "<group>"; };
/* End PBXFileReference section */

/* Begin PBXFrameworksBuildPhase section */
		DE0659192AE29F5D00431F39 /* Frameworks */ = {
			isa = PBXFrameworksBuildPhase;
			buildActionMask = 2147483647;
			files = (
			);
			runOnlyForDeploymentPostprocessing = 0;
		};
		DE0659212AE29F5D00431F39 /* Frameworks */ = {
			isa = PBXFrameworksBuildPhase;
			buildActionMask = 2147483647;
			files = (
				DE0659252AE29F5D00431F39 /* EssentialFeed.framework in Frameworks */,
			);
			runOnlyForDeploymentPostprocessing = 0;
		};
		DE06594B2AE3B37B00431F39 /* Frameworks */ = {
			isa = PBXFrameworksBuildPhase;
			buildActionMask = 2147483647;
			files = (
				DE0659522AE3B37B00431F39 /* EssentialFeed.framework in Frameworks */,
			);
			runOnlyForDeploymentPostprocessing = 0;
		};
		DE7C26DF2B31702800E6B61A /* Frameworks */ = {
			isa = PBXFrameworksBuildPhase;
			buildActionMask = 2147483647;
			files = (
				DE7C26E62B31702800E6B61A /* EssentialFeed.framework in Frameworks */,
			);
			runOnlyForDeploymentPostprocessing = 0;
		};
		DEB574C32B37E237007CBC30 /* Frameworks */ = {
			isa = PBXFrameworksBuildPhase;
			buildActionMask = 2147483647;
			files = (
				DEB574E92B3FF24A007CBC30 /* EssentialFeed.framework in Frameworks */,
			);
			runOnlyForDeploymentPostprocessing = 0;
		};
		DEB574CA2B37E238007CBC30 /* Frameworks */ = {
			isa = PBXFrameworksBuildPhase;
			buildActionMask = 2147483647;
			files = (
				DEB574CE2B37E238007CBC30 /* EssentialFeediOS.framework in Frameworks */,
			);
			runOnlyForDeploymentPostprocessing = 0;
		};
/* End PBXFrameworksBuildPhase section */

/* Begin PBXGroup section */
		DE0659122AE29F5D00431F39 = {
			isa = PBXGroup;
			children = (
				DEB574DB2B37E2FB007CBC30 /* EssentialFeediOS.xctestplan */,
				DEB574C02B37E04E007CBC30 /* EssentialFeedAPIEndToEndTests.xctestplan */,
				DE0659592AE3B55200431F39 /* CI.xctestplan */,
				DE06591E2AE29F5D00431F39 /* EssentialFeed */,
				DE0659282AE29F5D00431F39 /* EssentialFeedTests */,
				DE06594F2AE3B37B00431F39 /* EssentialFeedAPIEndToEndTests */,
				DE7C26E32B31702800E6B61A /* EssentialFeedCacheIntegrationTests */,
				DEB574C72B37E237007CBC30 /* EssentialFeediOS */,
				DEB574D12B37E238007CBC30 /* EssentialFeediOSTests */,
				DE06591D2AE29F5D00431F39 /* Products */,
				DEB574E82B3FF24A007CBC30 /* Frameworks */,
			);
			sourceTree = "<group>";
		};
		DE06591D2AE29F5D00431F39 /* Products */ = {
			isa = PBXGroup;
			children = (
				DE06591C2AE29F5D00431F39 /* EssentialFeed.framework */,
				DE0659242AE29F5D00431F39 /* EssentialFeedTests.xctest */,
				DE06594E2AE3B37B00431F39 /* EssentialFeedAPIEndToEndTests.xctest */,
				DE7C26E22B31702800E6B61A /* EssentialFeedCacheIntegrationTests.xctest */,
				DEB574C62B37E237007CBC30 /* EssentialFeediOS.framework */,
				DEB574CD2B37E238007CBC30 /* EssentialFeediOSTests.xctest */,
			);
			name = Products;
			sourceTree = "<group>";
		};
		DE06591E2AE29F5D00431F39 /* EssentialFeed */ = {
			isa = PBXGroup;
			children = (
				DEB5754A2B440579007CBC30 /* Feed Presentation */,
				DE2C566B2B1C5D4800EC8FEA /* Feed Cache */,
				DE06593B2AE32CA700431F39 /* Feed API */,
				DE0659382AE2A09000431F39 /* Feed Feature */,
			);
			path = EssentialFeed;
			sourceTree = "<group>";
		};
		DE0659282AE29F5D00431F39 /* EssentialFeedTests */ = {
			isa = PBXGroup;
			children = (
				DEB5754D2B4405F5007CBC30 /* Feed Presentation */,
				DE0659452AE3A91F00431F39 /* Helpers */,
				DE2C56682B18ACF900EC8FEA /* Feed Cache */,
				DE0659422AE3749F00431F39 /* Feed API */,
			);
			path = EssentialFeedTests;
			sourceTree = "<group>";
		};
		DE0659382AE2A09000431F39 /* Feed Feature */ = {
			isa = PBXGroup;
			children = (
				DE0659342AE29FC200431F39 /* FeedImage.swift */,
				DE0659362AE2A00400431F39 /* FeedLoader.swift */,
			);
			path = "Feed Feature";
			sourceTree = "<group>";
		};
		DE06593B2AE32CA700431F39 /* Feed API */ = {
			isa = PBXGroup;
			children = (
				DE06593E2AE3720000431F39 /* HTTPClient.swift */,
				DE0659402AE3724D00431F39 /* FeedItemsMapper.swift */,
				DE2C56702B1C68AE00EC8FEA /* RomoteFeedItem.swift */,
				DE06593C2AE32CCA00431F39 /* RemoteFeedLoader.swift */,
				DE0659482AE3B18600431F39 /* URLSessionHTTPClient.swift */,
			);
			path = "Feed API";
			sourceTree = "<group>";
		};
		DE0659422AE3749F00431F39 /* Feed API */ = {
			isa = PBXGroup;
			children = (
				DE0659392AE2A40100431F39 /* LoadFeedFromRemoteUseCaseTests.swift */,
				DE0659432AE38A1400431F39 /* URLSessionHTTPClientTests.swift */,
			);
			path = "Feed API";
			sourceTree = "<group>";
		};
		DE0659452AE3A91F00431F39 /* Helpers */ = {
			isa = PBXGroup;
			children = (
				DE0659462AE3A93C00431F39 /* trackForMemoryLeaks.swift */,
				DE2C56762B1C6EBE00EC8FEA /* FeedStoreSpy.swift */,
				DE7C26A92B2E6A0500E6B61A /* SharedTestHelpers.swift */,
			);
			path = Helpers;
			sourceTree = "<group>";
		};
		DE06594F2AE3B37B00431F39 /* EssentialFeedAPIEndToEndTests */ = {
			isa = PBXGroup;
			children = (
				DE0659502AE3B37B00431F39 /* EssentialFeedAPIEndToEndTests.swift */,
			);
			path = EssentialFeedAPIEndToEndTests;
			sourceTree = "<group>";
		};
		DE2C56682B18ACF900EC8FEA /* Feed Cache */ = {
			isa = PBXGroup;
			children = (
				DE7C26BE2B31015D00E6B61A /* FeedStoreSpecs */,
				DE7C26AB2B2E6A2500E6B61A /* Helpers */,
				DE2C56692B18AD1700EC8FEA /* CacheFeedUseCaseTests.swift */,
				DE7C26A72B2E5E9900E6B61A /* ValidateFeedCacheUseCaseTests.swift */,
				DE2C56742B1C6DC100EC8FEA /* LoadFeedFromCacheUseCaseTests.swift */,
				DE7C26BF2B3121B500E6B61A /* CoreDataFeedStoreTests.swift */,
			);
			path = "Feed Cache";
			sourceTree = "<group>";
		};
		DE2C566B2B1C5D4800EC8FEA /* Feed Cache */ = {
			isa = PBXGroup;
			children = (
				DE7C26C62B31674B00E6B61A /* Infrastructure */,
				DE2C56722B1C68FF00EC8FEA /* LocalFeedImage.swift */,
				DE2C566E2B1C5E2300EC8FEA /* FeedStore.swift */,
				DE2C566C2B1C5D5F00EC8FEA /* LocalFeedLoader.swift */,
				DE7C26AE2B2E8D2D00E6B61A /* FeedCachePolicy.swift */,
			);
			path = "Feed Cache";
			sourceTree = "<group>";
		};
		DE7C26AB2B2E6A2500E6B61A /* Helpers */ = {
			isa = PBXGroup;
			children = (
				DE7C26AC2B2E6A3100E6B61A /* FeedCacheTestHelpers.swift */,
			);
			path = Helpers;
			sourceTree = "<group>";
		};
		DE7C26BE2B31015D00E6B61A /* FeedStoreSpecs */ = {
			isa = PBXGroup;
			children = (
				DE7C26B42B3056A400E6B61A /* FeedStoreSpecs.swift */,
				DE7C26B62B30F25500E6B61A /* XCTestCase+FeedStoreSpecs.swift */,
				DE7C26B82B30FBC200E6B61A /* XCTestCase+FailableRetrieveFeedStoreSpecs.swift */,
				DE7C26BA2B30FDB300E6B61A /* XCTestCase+FailableInsertFeedStoreSpecs.swift */,
				DE7C26BC2B30FFA600E6B61A /* XCTestCase+FailableDeleteFeedStoreSpecs.swift */,
			);
			path = FeedStoreSpecs;
			sourceTree = "<group>";
		};
		DE7C26C62B31674B00E6B61A /* Infrastructure */ = {
			isa = PBXGroup;
			children = (
				DE7C26C72B31677900E6B61A /* CoreData */,
			);
			path = Infrastructure;
			sourceTree = "<group>";
		};
		DE7C26C72B31677900E6B61A /* CoreData */ = {
			isa = PBXGroup;
			children = (
				DE7C26C92B31687900E6B61A /* CoreDataHelpers.swift */,
				DE7C26C12B3122AC00E6B61A /* CoreDataFeedStore.swift */,
				DE7C26CB2B316C1D00E6B61A /* ManagedCache.swift */,
				DE7C26CD2B316C4300E6B61A /* ManagedFeedImage.swift */,
				DE7C26C32B31251000E6B61A /* FeedStore.xcdatamodeld */,
			);
			path = CoreData;
			sourceTree = "<group>";
		};
		DE7C26E32B31702800E6B61A /* EssentialFeedCacheIntegrationTests */ = {
			isa = PBXGroup;
			children = (
				DE7C26E42B31702800E6B61A /* EssentialFeedCacheIntegrationTests.swift */,
			);
			path = EssentialFeedCacheIntegrationTests;
			sourceTree = "<group>";
		};
		DEB574C72B37E237007CBC30 /* EssentialFeediOS */ = {
			isa = PBXGroup;
			children = (
				DEB575052B3FF849007CBC30 /* Feed Image Loader */,
				DEB5750D2B402AF2007CBC30 /* Feed Presentation */,
				DEB575012B3FF673007CBC30 /* Feed UI */,
			);
			path = EssentialFeediOS;
			sourceTree = "<group>";
		};
		DEB574D12B37E238007CBC30 /* EssentialFeediOSTests */ = {
			isa = PBXGroup;
			children = (
				DEB5752B2B430461007CBC30 /* Feed Presentation */,
				DEB575022B3FF6A4007CBC30 /* Feed UI */,
			);
			path = EssentialFeediOSTests;
			sourceTree = "<group>";
		};
		DEB574E52B3FF12D007CBC30 /* Helpers */ = {
			isa = PBXGroup;
			children = (
				DEB574F92B3FF497007CBC30 /* FeedViewController+TestHelpers.swift */,
				DEB574FB2B3FF4D4007CBC30 /* FeedImageCell+TestHelpers.swift */,
				DEB574FD2B3FF53B007CBC30 /* FeedUIIntegrationTests+LoaderSpy.swift */,
				DEB574FF2B3FF5CD007CBC30 /* FeedUIIntegrationTests+Assertions.swift */,
				DEB575242B430181007CBC30 /* FeedUIIntegrationTests+Localization.swift */,
				DEB574E62B3FF13B007CBC30 /* UIImage+TestHelpers.swift */,
				DEB574EF2B3FF2F0007CBC30 /* UIRefreshControl+TestHelpers.swift */,
				DEB574F12B3FF351007CBC30 /* UIButton+TestHelpers.swift */,
				DEB574F32B3FF3B6007CBC30 /* UIControl+TestHelpers.swift */,
			);
			path = Helpers;
			sourceTree = "<group>";
		};
		DEB574E82B3FF24A007CBC30 /* Frameworks */ = {
			isa = PBXGroup;
			children = (
			);
			name = Frameworks;
			sourceTree = "<group>";
		};
		DEB574F62B3FF42D007CBC30 /* Views */ = {
			isa = PBXGroup;
			children = (
				DEB5753A2B43F6CB007CBC30 /* Helpers */,
				DEB575382B43F574007CBC30 /* ErrorView.swift */,
				DEB574E12B3BB772007CBC30 /* FeedImageCell.swift */,
				DEB5751A2B40F665007CBC30 /* Feed.xcassets */,
				DEB5751C2B40F691007CBC30 /* Feed.storyboard */,
			);
			path = Views;
			sourceTree = "<group>";
		};
		DEB574F72B3FF439007CBC30 /* Controllers */ = {
			isa = PBXGroup;
			children = (
				DEB574DF2B3B7E32007CBC30 /* FeedViewController.swift */,
				DEB575082B3FFBFF007CBC30 /* FeedImageCellController.swift */,
			);
			path = Controllers;
			sourceTree = "<group>";
		};
		DEB575012B3FF673007CBC30 /* Feed UI */ = {
			isa = PBXGroup;
			children = (
				DEB5750A2B40001F007CBC30 /* Composers */,
				DEB574F72B3FF439007CBC30 /* Controllers */,
				DEB574F62B3FF42D007CBC30 /* Views */,
			);
			path = "Feed UI";
			sourceTree = "<group>";
		};
		DEB575022B3FF6A4007CBC30 /* Feed UI */ = {
			isa = PBXGroup;
			children = (
				DEB574E52B3FF12D007CBC30 /* Helpers */,
				DEB574DC2B3A9699007CBC30 /* FeedUIIntegrationTests.swift */,
			);
			path = "Feed UI";
			sourceTree = "<group>";
		};
		DEB575052B3FF849007CBC30 /* Feed Image Loader */ = {
			isa = PBXGroup;
			children = (
				DEB575032B3FF823007CBC30 /* FeedImageDataLoader.swift */,
			);
			path = "Feed Image Loader";
			sourceTree = "<group>";
		};
		DEB5750A2B40001F007CBC30 /* Composers */ = {
			isa = PBXGroup;
			children = (
				DEB5750B2B400031007CBC30 /* FeedUIComposer.swift */,
				DEB575362B43E913007CBC30 /* FeedViewAdapter.swift */,
				DEB575342B43E8CF007CBC30 /* FeedLoaderPresentationAdapter.swift */,
				DEB575322B43E7C7007CBC30 /* FeedImageDataLoaderPresentationAdapter.swift */,
				DEB575302B43E58D007CBC30 /* WeakRefVirtualProxy.swift */,
				DEB5752E2B43E35F007CBC30 /* MainQueueDispatchDecorator.swift */,
			);
			path = Composers;
			sourceTree = "<group>";
		};
		DEB5750D2B402AF2007CBC30 /* Feed Presentation */ = {
			isa = PBXGroup;
			children = (
				DEB575102B4037D0007CBC30 /* FeedImageViewModel.swift */,
				DEB575122B403CDC007CBC30 /* FeedPresenter.swift */,
				DEB575142B404FD8007CBC30 /* FeedImagePresenter.swift */,
				DEB575162B4052CF007CBC30 /* FeedLoadingViewModel.swift */,
				DEB575182B4052FC007CBC30 /* FeedViewModel.swift */,
				DEB5753B2B43F70C007CBC30 /* FeedErrorViewModel.swift */,
				DEB575282B4303B8007CBC30 /* Feed.strings */,
			);
			path = "Feed Presentation";
			sourceTree = "<group>";
		};
		DEB5752B2B430461007CBC30 /* Feed Presentation */ = {
			isa = PBXGroup;
			children = (
				DEB5752C2B430475007CBC30 /* FeedLocalizationTests.swift */,
			);
			path = "Feed Presentation";
			sourceTree = "<group>";
		};
		DEB5753A2B43F6CB007CBC30 /* Helpers */ = {
			isa = PBXGroup;
			children = (
				DEB574E32B3E3092007CBC30 /* UIView+Shimmering.swift */,
				DEB5753D2B43F76F007CBC30 /* UIRefreshControl+Helpers.swift */,
				DEB575202B42EEC3007CBC30 /* UIImageView+Animations.swift */,
				DEB5751E2B42EDE9007CBC30 /* UITableView+Dequeueing.swift */,
			);
			path = Helpers;
			sourceTree = "<group>";
		};
		DEB5754A2B440579007CBC30 /* Feed Presentation */ = {
			isa = PBXGroup;
			children = (
				DEB5754B2B440598007CBC30 /* FeedPresenter.swift */,
				DEB575472B44046B007CBC30 /* Feed.strings */,
			);
			path = "Feed Presentation";
			sourceTree = "<group>";
		};
		DEB5754D2B4405F5007CBC30 /* Feed Presentation */ = {
			isa = PBXGroup;
			children = (
				DEB5753F2B43F978007CBC30 /* FeedPresenterTests.swift */,
			);
			path = "Feed Presentation";
			sourceTree = "<group>";
		};
/* End PBXGroup section */

/* Begin PBXHeadersBuildPhase section */
		DE0659172AE29F5D00431F39 /* Headers */ = {
			isa = PBXHeadersBuildPhase;
			buildActionMask = 2147483647;
			files = (
			);
			runOnlyForDeploymentPostprocessing = 0;
		};
		DEB574C12B37E237007CBC30 /* Headers */ = {
			isa = PBXHeadersBuildPhase;
			buildActionMask = 2147483647;
			files = (
			);
			runOnlyForDeploymentPostprocessing = 0;
		};
/* End PBXHeadersBuildPhase section */

/* Begin PBXNativeTarget section */
		DE06591B2AE29F5D00431F39 /* EssentialFeed */ = {
			isa = PBXNativeTarget;
			buildConfigurationList = DE06592E2AE29F5D00431F39 /* Build configuration list for PBXNativeTarget "EssentialFeed" */;
			buildPhases = (
				DE0659172AE29F5D00431F39 /* Headers */,
				DE0659182AE29F5D00431F39 /* Sources */,
				DE0659192AE29F5D00431F39 /* Frameworks */,
				DE06591A2AE29F5D00431F39 /* Resources */,
			);
			buildRules = (
			);
			dependencies = (
			);
			name = EssentialFeed;
			productName = EssentialFeed;
			productReference = DE06591C2AE29F5D00431F39 /* EssentialFeed.framework */;
			productType = "com.apple.product-type.framework";
		};
		DE0659232AE29F5D00431F39 /* EssentialFeedTests */ = {
			isa = PBXNativeTarget;
			buildConfigurationList = DE0659312AE29F5D00431F39 /* Build configuration list for PBXNativeTarget "EssentialFeedTests" */;
			buildPhases = (
				DE0659202AE29F5D00431F39 /* Sources */,
				DE0659212AE29F5D00431F39 /* Frameworks */,
				DE0659222AE29F5D00431F39 /* Resources */,
			);
			buildRules = (
			);
			dependencies = (
				DE0659272AE29F5D00431F39 /* PBXTargetDependency */,
			);
			name = EssentialFeedTests;
			productName = EssentialFeedTests;
			productReference = DE0659242AE29F5D00431F39 /* EssentialFeedTests.xctest */;
			productType = "com.apple.product-type.bundle.unit-test";
		};
		DE06594D2AE3B37B00431F39 /* EssentialFeedAPIEndToEndTests */ = {
			isa = PBXNativeTarget;
			buildConfigurationList = DE0659552AE3B37B00431F39 /* Build configuration list for PBXNativeTarget "EssentialFeedAPIEndToEndTests" */;
			buildPhases = (
				DE06594A2AE3B37B00431F39 /* Sources */,
				DE06594B2AE3B37B00431F39 /* Frameworks */,
				DE06594C2AE3B37B00431F39 /* Resources */,
			);
			buildRules = (
			);
			dependencies = (
				DE0659542AE3B37B00431F39 /* PBXTargetDependency */,
			);
			name = EssentialFeedAPIEndToEndTests;
			productName = EssentialFeedAPIEndToEndTests;
			productReference = DE06594E2AE3B37B00431F39 /* EssentialFeedAPIEndToEndTests.xctest */;
			productType = "com.apple.product-type.bundle.unit-test";
		};
		DE7C26E12B31702800E6B61A /* EssentialFeedCacheIntegrationTests */ = {
			isa = PBXNativeTarget;
			buildConfigurationList = DE7C26E92B31702800E6B61A /* Build configuration list for PBXNativeTarget "EssentialFeedCacheIntegrationTests" */;
			buildPhases = (
				DE7C26DE2B31702800E6B61A /* Sources */,
				DE7C26DF2B31702800E6B61A /* Frameworks */,
				DE7C26E02B31702800E6B61A /* Resources */,
			);
			buildRules = (
			);
			dependencies = (
				DE7C26E82B31702800E6B61A /* PBXTargetDependency */,
			);
			name = EssentialFeedCacheIntegrationTests;
			productName = EssentialFeedCacheIntegrationTests;
			productReference = DE7C26E22B31702800E6B61A /* EssentialFeedCacheIntegrationTests.xctest */;
			productType = "com.apple.product-type.bundle.unit-test";
		};
		DEB574C52B37E237007CBC30 /* EssentialFeediOS */ = {
			isa = PBXNativeTarget;
			buildConfigurationList = DEB574D52B37E238007CBC30 /* Build configuration list for PBXNativeTarget "EssentialFeediOS" */;
			buildPhases = (
				DEB574C12B37E237007CBC30 /* Headers */,
				DEB574C22B37E237007CBC30 /* Sources */,
				DEB574C32B37E237007CBC30 /* Frameworks */,
				DEB574C42B37E237007CBC30 /* Resources */,
			);
			buildRules = (
			);
			dependencies = (
				DEB574EC2B3FF24A007CBC30 /* PBXTargetDependency */,
			);
			name = EssentialFeediOS;
			productName = EssentialFeediOS;
			productReference = DEB574C62B37E237007CBC30 /* EssentialFeediOS.framework */;
			productType = "com.apple.product-type.framework";
		};
		DEB574CC2B37E238007CBC30 /* EssentialFeediOSTests */ = {
			isa = PBXNativeTarget;
			buildConfigurationList = DEB574D82B37E238007CBC30 /* Build configuration list for PBXNativeTarget "EssentialFeediOSTests" */;
			buildPhases = (
				DEB574C92B37E238007CBC30 /* Sources */,
				DEB574CA2B37E238007CBC30 /* Frameworks */,
				DEB574CB2B37E238007CBC30 /* Resources */,
			);
			buildRules = (
			);
			dependencies = (
				DEB574D02B37E238007CBC30 /* PBXTargetDependency */,
			);
			name = EssentialFeediOSTests;
			productName = EssentialFeediOSTests;
			productReference = DEB574CD2B37E238007CBC30 /* EssentialFeediOSTests.xctest */;
			productType = "com.apple.product-type.bundle.unit-test";
		};
/* End PBXNativeTarget section */

/* Begin PBXProject section */
		DE0659132AE29F5D00431F39 /* Project object */ = {
			isa = PBXProject;
			attributes = {
				BuildIndependentTargetsInParallel = 1;
				LastSwiftUpdateCheck = 1500;
				LastUpgradeCheck = 1500;
				TargetAttributes = {
					DE06591B2AE29F5D00431F39 = {
						CreatedOnToolsVersion = 15.0;
						LastSwiftMigration = 1500;
					};
					DE0659232AE29F5D00431F39 = {
						CreatedOnToolsVersion = 15.0;
						LastSwiftMigration = 1500;
					};
					DE06594D2AE3B37B00431F39 = {
						CreatedOnToolsVersion = 15.0;
					};
					DE7C26E12B31702800E6B61A = {
						CreatedOnToolsVersion = 15.0.1;
					};
					DEB574C52B37E237007CBC30 = {
						CreatedOnToolsVersion = 15.0.1;
						LastSwiftMigration = 1500;
					};
					DEB574CC2B37E238007CBC30 = {
						CreatedOnToolsVersion = 15.0.1;
						LastSwiftMigration = 1500;
					};
				};
			};
			buildConfigurationList = DE0659162AE29F5D00431F39 /* Build configuration list for PBXProject "EssentialFeed" */;
			compatibilityVersion = "Xcode 14.0";
			developmentRegion = en;
			hasScannedForEncodings = 0;
			knownRegions = (
				en,
				Base,
				"pt-BR",
				el,
			);
			mainGroup = DE0659122AE29F5D00431F39;
			productRefGroup = DE06591D2AE29F5D00431F39 /* Products */;
			projectDirPath = "";
			projectRoot = "";
			targets = (
				DE06591B2AE29F5D00431F39 /* EssentialFeed */,
				DE0659232AE29F5D00431F39 /* EssentialFeedTests */,
				DE06594D2AE3B37B00431F39 /* EssentialFeedAPIEndToEndTests */,
				DE7C26E12B31702800E6B61A /* EssentialFeedCacheIntegrationTests */,
				DEB574C52B37E237007CBC30 /* EssentialFeediOS */,
				DEB574CC2B37E238007CBC30 /* EssentialFeediOSTests */,
			);
		};
/* End PBXProject section */

/* Begin PBXResourcesBuildPhase section */
		DE06591A2AE29F5D00431F39 /* Resources */ = {
			isa = PBXResourcesBuildPhase;
			buildActionMask = 2147483647;
			files = (
				DEB5754F2B440651007CBC30 /* Feed.strings in Resources */,
			);
			runOnlyForDeploymentPostprocessing = 0;
		};
		DE0659222AE29F5D00431F39 /* Resources */ = {
			isa = PBXResourcesBuildPhase;
			buildActionMask = 2147483647;
			files = (
			);
			runOnlyForDeploymentPostprocessing = 0;
		};
		DE06594C2AE3B37B00431F39 /* Resources */ = {
			isa = PBXResourcesBuildPhase;
			buildActionMask = 2147483647;
			files = (
			);
			runOnlyForDeploymentPostprocessing = 0;
		};
		DE7C26E02B31702800E6B61A /* Resources */ = {
			isa = PBXResourcesBuildPhase;
			buildActionMask = 2147483647;
			files = (
			);
			runOnlyForDeploymentPostprocessing = 0;
		};
		DEB574C42B37E237007CBC30 /* Resources */ = {
			isa = PBXResourcesBuildPhase;
			buildActionMask = 2147483647;
			files = (
				DEB5751D2B40F691007CBC30 /* Feed.storyboard in Resources */,
				DEB5751B2B40F665007CBC30 /* Feed.xcassets in Resources */,
				DEB575262B4303B8007CBC30 /* Feed.strings in Resources */,
			);
			runOnlyForDeploymentPostprocessing = 0;
		};
		DEB574CB2B37E238007CBC30 /* Resources */ = {
			isa = PBXResourcesBuildPhase;
			buildActionMask = 2147483647;
			files = (
			);
			runOnlyForDeploymentPostprocessing = 0;
		};
/* End PBXResourcesBuildPhase section */

/* Begin PBXSourcesBuildPhase section */
		DE0659182AE29F5D00431F39 /* Sources */ = {
			isa = PBXSourcesBuildPhase;
			buildActionMask = 2147483647;
			files = (
				DE7C26CA2B31687900E6B61A /* CoreDataHelpers.swift in Sources */,
				DE0659412AE3724D00431F39 /* FeedItemsMapper.swift in Sources */,
				DE0659372AE2A00400431F39 /* FeedLoader.swift in Sources */,
				DE06593D2AE32CCA00431F39 /* RemoteFeedLoader.swift in Sources */,
				DE7C26AF2B2E8D2D00E6B61A /* FeedCachePolicy.swift in Sources */,
				DE2C566F2B1C5E2300EC8FEA /* FeedStore.swift in Sources */,
				DE7C26C52B31251000E6B61A /* FeedStore.xcdatamodeld in Sources */,
				DE2C56732B1C68FF00EC8FEA /* LocalFeedImage.swift in Sources */,
				DE2C566D2B1C5D5F00EC8FEA /* LocalFeedLoader.swift in Sources */,
				DE2C56712B1C68AE00EC8FEA /* RomoteFeedItem.swift in Sources */,
				DE06593F2AE3720000431F39 /* HTTPClient.swift in Sources */,
				DE0659352AE29FC200431F39 /* FeedImage.swift in Sources */,
				DEB5754C2B440598007CBC30 /* FeedPresenter.swift in Sources */,
				DE0659492AE3B18600431F39 /* URLSessionHTTPClient.swift in Sources */,
				DE7C26CC2B316C1D00E6B61A /* ManagedCache.swift in Sources */,
				DE7C26C22B3122AC00E6B61A /* CoreDataFeedStore.swift in Sources */,
				DE7C26CE2B316C4300E6B61A /* ManagedFeedImage.swift in Sources */,
			);
			runOnlyForDeploymentPostprocessing = 0;
		};
		DE0659202AE29F5D00431F39 /* Sources */ = {
			isa = PBXSourcesBuildPhase;
			buildActionMask = 2147483647;
			files = (
				DE7C26A82B2E5E9900E6B61A /* ValidateFeedCacheUseCaseTests.swift in Sources */,
				DE0659472AE3A93C00431F39 /* trackForMemoryLeaks.swift in Sources */,
				DEB5754E2B44062E007CBC30 /* FeedPresenterTests.swift in Sources */,
				DE06593A2AE2A40100431F39 /* LoadFeedFromRemoteUseCaseTests.swift in Sources */,
				DE7C26BB2B30FDB300E6B61A /* XCTestCase+FailableInsertFeedStoreSpecs.swift in Sources */,
				DE2C56772B1C6EBE00EC8FEA /* FeedStoreSpy.swift in Sources */,
				DE7C26AD2B2E6A3100E6B61A /* FeedCacheTestHelpers.swift in Sources */,
				DE7C26AA2B2E6A0500E6B61A /* SharedTestHelpers.swift in Sources */,
				DE2C566A2B18AD1700EC8FEA /* CacheFeedUseCaseTests.swift in Sources */,
				DE7C26BD2B30FFA600E6B61A /* XCTestCase+FailableDeleteFeedStoreSpecs.swift in Sources */,
				DE7C26B92B30FBC200E6B61A /* XCTestCase+FailableRetrieveFeedStoreSpecs.swift in Sources */,
				DE2C56752B1C6DC100EC8FEA /* LoadFeedFromCacheUseCaseTests.swift in Sources */,
				DE7C26B52B3056A400E6B61A /* FeedStoreSpecs.swift in Sources */,
				DE0659442AE38A1400431F39 /* URLSessionHTTPClientTests.swift in Sources */,
				DE7C26C02B3121B500E6B61A /* CoreDataFeedStoreTests.swift in Sources */,
				DE7C26B72B30F25500E6B61A /* XCTestCase+FeedStoreSpecs.swift in Sources */,
			);
			runOnlyForDeploymentPostprocessing = 0;
		};
		DE06594A2AE3B37B00431F39 /* Sources */ = {
			isa = PBXSourcesBuildPhase;
			buildActionMask = 2147483647;
			files = (
				DE0659512AE3B37B00431F39 /* EssentialFeedAPIEndToEndTests.swift in Sources */,
				DE0659582AE3B50000431F39 /* trackForMemoryLeaks.swift in Sources */,
			);
			runOnlyForDeploymentPostprocessing = 0;
		};
		DE7C26DE2B31702800E6B61A /* Sources */ = {
			isa = PBXSourcesBuildPhase;
			buildActionMask = 2147483647;
			files = (
				DE7C26EE2B324D1D00E6B61A /* SharedTestHelpers.swift in Sources */,
				DE7C26E52B31702800E6B61A /* EssentialFeedCacheIntegrationTests.swift in Sources */,
				DE7C26ED2B324D0C00E6B61A /* FeedCacheTestHelpers.swift in Sources */,
				DE7C26EC2B31719100E6B61A /* trackForMemoryLeaks.swift in Sources */,
			);
			runOnlyForDeploymentPostprocessing = 0;
		};
		DEB574C22B37E237007CBC30 /* Sources */ = {
			isa = PBXSourcesBuildPhase;
			buildActionMask = 2147483647;
			files = (
				DEB575132B403CDC007CBC30 /* FeedPresenter.swift in Sources */,
				DEB575042B3FF823007CBC30 /* FeedImageDataLoader.swift in Sources */,
				DEB575392B43F574007CBC30 /* ErrorView.swift in Sources */,
				DEB5753E2B43F76F007CBC30 /* UIRefreshControl+Helpers.swift in Sources */,
				DEB575192B4052FC007CBC30 /* FeedViewModel.swift in Sources */,
				DEB5751F2B42EDE9007CBC30 /* UITableView+Dequeueing.swift in Sources */,
				DEB575172B4052CF007CBC30 /* FeedLoadingViewModel.swift in Sources */,
				DEB574E42B3E3092007CBC30 /* UIView+Shimmering.swift in Sources */,
				DEB575352B43E8CF007CBC30 /* FeedLoaderPresentationAdapter.swift in Sources */,
				DEB575152B404FD8007CBC30 /* FeedImagePresenter.swift in Sources */,
				DEB575312B43E58D007CBC30 /* WeakRefVirtualProxy.swift in Sources */,
				DEB575212B42EEC3007CBC30 /* UIImageView+Animations.swift in Sources */,
				DEB5752F2B43E35F007CBC30 /* MainQueueDispatchDecorator.swift in Sources */,
				DEB574E02B3B7E32007CBC30 /* FeedViewController.swift in Sources */,
				DEB574E22B3BB772007CBC30 /* FeedImageCell.swift in Sources */,
				DEB575332B43E7C7007CBC30 /* FeedImageDataLoaderPresentationAdapter.swift in Sources */,
				DEB575112B4037D0007CBC30 /* FeedImageViewModel.swift in Sources */,
				DEB575092B3FFBFF007CBC30 /* FeedImageCellController.swift in Sources */,
				DEB5753C2B43F70C007CBC30 /* FeedErrorViewModel.swift in Sources */,
				DEB575372B43E913007CBC30 /* FeedViewAdapter.swift in Sources */,
				DEB5750C2B400031007CBC30 /* FeedUIComposer.swift in Sources */,
			);
			runOnlyForDeploymentPostprocessing = 0;
		};
		DEB574C92B37E238007CBC30 /* Sources */ = {
			isa = PBXSourcesBuildPhase;
			buildActionMask = 2147483647;
			files = (
				DEB574DD2B3A9699007CBC30 /* FeedUIIntegrationTests.swift in Sources */,
				DEB575422B44030E007CBC30 /* SharedTestHelpers.swift in Sources */,
				DEB575412B44025B007CBC30 /* FeedCacheTestHelpers.swift in Sources */,
				DEB575002B3FF5CD007CBC30 /* FeedUIIntegrationTests+Assertions.swift in Sources */,
				DEB5752D2B430475007CBC30 /* FeedLocalizationTests.swift in Sources */,
				DEB574F22B3FF351007CBC30 /* UIButton+TestHelpers.swift in Sources */,
				DEB574F02B3FF2F0007CBC30 /* UIRefreshControl+TestHelpers.swift in Sources */,
				DEB574F42B3FF3B6007CBC30 /* UIControl+TestHelpers.swift in Sources */,
				DEB574FE2B3FF53B007CBC30 /* FeedUIIntegrationTests+LoaderSpy.swift in Sources */,
				DEB574FA2B3FF497007CBC30 /* FeedViewController+TestHelpers.swift in Sources */,
				DEB574DE2B3A9AFB007CBC30 /* trackForMemoryLeaks.swift in Sources */,
				DEB574EE2B3FF288007CBC30 /* UIImage+TestHelpers.swift in Sources */,
				DEB574FC2B3FF4D4007CBC30 /* FeedImageCell+TestHelpers.swift in Sources */,
				DEB575252B430181007CBC30 /* FeedUIIntegrationTests+Localization.swift in Sources */,
			);
			runOnlyForDeploymentPostprocessing = 0;
		};
/* End PBXSourcesBuildPhase section */

/* Begin PBXTargetDependency section */
		DE0659272AE29F5D00431F39 /* PBXTargetDependency */ = {
			isa = PBXTargetDependency;
			target = DE06591B2AE29F5D00431F39 /* EssentialFeed */;
			targetProxy = DE0659262AE29F5D00431F39 /* PBXContainerItemProxy */;
		};
		DE0659542AE3B37B00431F39 /* PBXTargetDependency */ = {
			isa = PBXTargetDependency;
			target = DE06591B2AE29F5D00431F39 /* EssentialFeed */;
			targetProxy = DE0659532AE3B37B00431F39 /* PBXContainerItemProxy */;
		};
		DE7C26E82B31702800E6B61A /* PBXTargetDependency */ = {
			isa = PBXTargetDependency;
			target = DE06591B2AE29F5D00431F39 /* EssentialFeed */;
			targetProxy = DE7C26E72B31702800E6B61A /* PBXContainerItemProxy */;
		};
		DEB574D02B37E238007CBC30 /* PBXTargetDependency */ = {
			isa = PBXTargetDependency;
			target = DEB574C52B37E237007CBC30 /* EssentialFeediOS */;
			targetProxy = DEB574CF2B37E238007CBC30 /* PBXContainerItemProxy */;
		};
		DEB574EC2B3FF24A007CBC30 /* PBXTargetDependency */ = {
			isa = PBXTargetDependency;
			platformFilter = ios;
			target = DE06591B2AE29F5D00431F39 /* EssentialFeed */;
			targetProxy = DEB574EB2B3FF24A007CBC30 /* PBXContainerItemProxy */;
		};
/* End PBXTargetDependency section */

/* Begin PBXVariantGroup section */
		DEB575282B4303B8007CBC30 /* Feed.strings */ = {
			isa = PBXVariantGroup;
			children = (
				DEB575272B4303B8007CBC30 /* en */,
				DEB575292B4303EE007CBC30 /* pt-BR */,
				DEB5752A2B430428007CBC30 /* el */,
			);
			name = Feed.strings;
			sourceTree = "<group>";
		};
		DEB575472B44046B007CBC30 /* Feed.strings */ = {
			isa = PBXVariantGroup;
			children = (
				DEB575462B44046B007CBC30 /* en */,
				DEB575482B44046C007CBC30 /* el */,
				DEB575492B44046D007CBC30 /* pt-BR */,
			);
			name = Feed.strings;
			sourceTree = "<group>";
		};
/* End PBXVariantGroup section */

/* Begin XCBuildConfiguration section */
		DE06592C2AE29F5D00431F39 /* Debug */ = {
			isa = XCBuildConfiguration;
			buildSettings = {
				ALWAYS_SEARCH_USER_PATHS = NO;
				ASSETCATALOG_COMPILER_GENERATE_SWIFT_ASSET_SYMBOL_EXTENSIONS = YES;
				CLANG_ANALYZER_LOCALIZABILITY_NONLOCALIZED = YES;
				CLANG_ANALYZER_NONNULL = YES;
				CLANG_ANALYZER_NUMBER_OBJECT_CONVERSION = YES_AGGRESSIVE;
				CLANG_CXX_LANGUAGE_STANDARD = "gnu++20";
				CLANG_ENABLE_MODULES = YES;
				CLANG_ENABLE_OBJC_ARC = YES;
				CLANG_ENABLE_OBJC_WEAK = YES;
				CLANG_WARN_BLOCK_CAPTURE_AUTORELEASING = YES;
				CLANG_WARN_BOOL_CONVERSION = YES;
				CLANG_WARN_COMMA = YES;
				CLANG_WARN_CONSTANT_CONVERSION = YES;
				CLANG_WARN_DEPRECATED_OBJC_IMPLEMENTATIONS = YES;
				CLANG_WARN_DIRECT_OBJC_ISA_USAGE = YES_ERROR;
				CLANG_WARN_DOCUMENTATION_COMMENTS = YES;
				CLANG_WARN_EMPTY_BODY = YES;
				CLANG_WARN_ENUM_CONVERSION = YES;
				CLANG_WARN_INFINITE_RECURSION = YES;
				CLANG_WARN_INT_CONVERSION = YES;
				CLANG_WARN_NON_LITERAL_NULL_CONVERSION = YES;
				CLANG_WARN_OBJC_IMPLICIT_RETAIN_SELF = YES;
				CLANG_WARN_OBJC_LITERAL_CONVERSION = YES;
				CLANG_WARN_OBJC_ROOT_CLASS = YES_ERROR;
				CLANG_WARN_QUOTED_INCLUDE_IN_FRAMEWORK_HEADER = YES;
				CLANG_WARN_RANGE_LOOP_ANALYSIS = YES;
				CLANG_WARN_STRICT_PROTOTYPES = YES;
				CLANG_WARN_SUSPICIOUS_MOVE = YES;
				CLANG_WARN_UNGUARDED_AVAILABILITY = YES_AGGRESSIVE;
				CLANG_WARN_UNREACHABLE_CODE = YES;
				CLANG_WARN__DUPLICATE_METHOD_MATCH = YES;
				COPY_PHASE_STRIP = NO;
				CURRENT_PROJECT_VERSION = 1;
				DEBUG_INFORMATION_FORMAT = dwarf;
				ENABLE_STRICT_OBJC_MSGSEND = YES;
				ENABLE_TESTABILITY = YES;
				ENABLE_USER_SCRIPT_SANDBOXING = YES;
				GCC_C_LANGUAGE_STANDARD = gnu17;
				GCC_DYNAMIC_NO_PIC = NO;
				GCC_NO_COMMON_BLOCKS = YES;
				GCC_OPTIMIZATION_LEVEL = 0;
				GCC_PREPROCESSOR_DEFINITIONS = (
					"DEBUG=1",
					"$(inherited)",
				);
				GCC_WARN_64_TO_32_BIT_CONVERSION = YES;
				GCC_WARN_ABOUT_RETURN_TYPE = YES_ERROR;
				GCC_WARN_UNDECLARED_SELECTOR = YES;
				GCC_WARN_UNINITIALIZED_AUTOS = YES_AGGRESSIVE;
				GCC_WARN_UNUSED_FUNCTION = YES;
				GCC_WARN_UNUSED_VARIABLE = YES;
				LOCALIZATION_PREFERS_STRING_CATALOGS = YES;
				MACOSX_DEPLOYMENT_TARGET = 14.0;
				MTL_ENABLE_DEBUG_INFO = INCLUDE_SOURCE;
				MTL_FAST_MATH = YES;
				ONLY_ACTIVE_ARCH = YES;
				SDKROOT = macosx;
				SWIFT_ACTIVE_COMPILATION_CONDITIONS = "DEBUG $(inherited)";
				SWIFT_OPTIMIZATION_LEVEL = "-Onone";
				VERSIONING_SYSTEM = "apple-generic";
				VERSION_INFO_PREFIX = "";
			};
			name = Debug;
		};
		DE06592D2AE29F5D00431F39 /* Release */ = {
			isa = XCBuildConfiguration;
			buildSettings = {
				ALWAYS_SEARCH_USER_PATHS = NO;
				ASSETCATALOG_COMPILER_GENERATE_SWIFT_ASSET_SYMBOL_EXTENSIONS = YES;
				CLANG_ANALYZER_LOCALIZABILITY_NONLOCALIZED = YES;
				CLANG_ANALYZER_NONNULL = YES;
				CLANG_ANALYZER_NUMBER_OBJECT_CONVERSION = YES_AGGRESSIVE;
				CLANG_CXX_LANGUAGE_STANDARD = "gnu++20";
				CLANG_ENABLE_MODULES = YES;
				CLANG_ENABLE_OBJC_ARC = YES;
				CLANG_ENABLE_OBJC_WEAK = YES;
				CLANG_WARN_BLOCK_CAPTURE_AUTORELEASING = YES;
				CLANG_WARN_BOOL_CONVERSION = YES;
				CLANG_WARN_COMMA = YES;
				CLANG_WARN_CONSTANT_CONVERSION = YES;
				CLANG_WARN_DEPRECATED_OBJC_IMPLEMENTATIONS = YES;
				CLANG_WARN_DIRECT_OBJC_ISA_USAGE = YES_ERROR;
				CLANG_WARN_DOCUMENTATION_COMMENTS = YES;
				CLANG_WARN_EMPTY_BODY = YES;
				CLANG_WARN_ENUM_CONVERSION = YES;
				CLANG_WARN_INFINITE_RECURSION = YES;
				CLANG_WARN_INT_CONVERSION = YES;
				CLANG_WARN_NON_LITERAL_NULL_CONVERSION = YES;
				CLANG_WARN_OBJC_IMPLICIT_RETAIN_SELF = YES;
				CLANG_WARN_OBJC_LITERAL_CONVERSION = YES;
				CLANG_WARN_OBJC_ROOT_CLASS = YES_ERROR;
				CLANG_WARN_QUOTED_INCLUDE_IN_FRAMEWORK_HEADER = YES;
				CLANG_WARN_RANGE_LOOP_ANALYSIS = YES;
				CLANG_WARN_STRICT_PROTOTYPES = YES;
				CLANG_WARN_SUSPICIOUS_MOVE = YES;
				CLANG_WARN_UNGUARDED_AVAILABILITY = YES_AGGRESSIVE;
				CLANG_WARN_UNREACHABLE_CODE = YES;
				CLANG_WARN__DUPLICATE_METHOD_MATCH = YES;
				COPY_PHASE_STRIP = NO;
				CURRENT_PROJECT_VERSION = 1;
				DEBUG_INFORMATION_FORMAT = "dwarf-with-dsym";
				ENABLE_NS_ASSERTIONS = NO;
				ENABLE_STRICT_OBJC_MSGSEND = YES;
				ENABLE_USER_SCRIPT_SANDBOXING = YES;
				GCC_C_LANGUAGE_STANDARD = gnu17;
				GCC_NO_COMMON_BLOCKS = YES;
				GCC_WARN_64_TO_32_BIT_CONVERSION = YES;
				GCC_WARN_ABOUT_RETURN_TYPE = YES_ERROR;
				GCC_WARN_UNDECLARED_SELECTOR = YES;
				GCC_WARN_UNINITIALIZED_AUTOS = YES_AGGRESSIVE;
				GCC_WARN_UNUSED_FUNCTION = YES;
				GCC_WARN_UNUSED_VARIABLE = YES;
				LOCALIZATION_PREFERS_STRING_CATALOGS = YES;
				MACOSX_DEPLOYMENT_TARGET = 14.0;
				MTL_ENABLE_DEBUG_INFO = NO;
				MTL_FAST_MATH = YES;
				SDKROOT = macosx;
				SWIFT_COMPILATION_MODE = wholemodule;
				VERSIONING_SYSTEM = "apple-generic";
				VERSION_INFO_PREFIX = "";
			};
			name = Release;
		};
		DE06592F2AE29F5D00431F39 /* Debug */ = {
			isa = XCBuildConfiguration;
			buildSettings = {
				CLANG_ENABLE_MODULES = YES;
				CODE_SIGN_STYLE = Automatic;
				COMBINE_HIDPI_IMAGES = YES;
				CURRENT_PROJECT_VERSION = 1;
				DEFINES_MODULE = YES;
				DYLIB_COMPATIBILITY_VERSION = 1;
				DYLIB_CURRENT_VERSION = 1;
				DYLIB_INSTALL_NAME_BASE = "@rpath";
				ENABLE_MODULE_VERIFIER = YES;
				GENERATE_INFOPLIST_FILE = YES;
				INFOPLIST_KEY_NSHumanReadableCopyright = "";
				INSTALL_PATH = "$(LOCAL_LIBRARY_DIR)/Frameworks";
				LD_RUNPATH_SEARCH_PATHS = (
					"$(inherited)",
					"@executable_path/../Frameworks",
					"@loader_path/Frameworks",
				);
				MARKETING_VERSION = 1.0;
				MODULE_VERIFIER_SUPPORTED_LANGUAGES = "objective-c objective-c++";
				MODULE_VERIFIER_SUPPORTED_LANGUAGE_STANDARDS = "gnu17 gnu++20";
				PRODUCT_BUNDLE_IDENTIFIER = app.kai7.EssentialFeed;
				PRODUCT_NAME = "$(TARGET_NAME:c99extidentifier)";
				SKIP_INSTALL = YES;
				SUPPORTED_PLATFORMS = "iphoneos iphonesimulator macosx";
				SUPPORTS_MACCATALYST = NO;
				SWIFT_EMIT_LOC_STRINGS = YES;
				SWIFT_OPTIMIZATION_LEVEL = "-Onone";
				SWIFT_VERSION = 5.0;
				TARGETED_DEVICE_FAMILY = 1;
			};
			name = Debug;
		};
		DE0659302AE29F5D00431F39 /* Release */ = {
			isa = XCBuildConfiguration;
			buildSettings = {
				CLANG_ENABLE_MODULES = YES;
				CODE_SIGN_STYLE = Automatic;
				COMBINE_HIDPI_IMAGES = YES;
				CURRENT_PROJECT_VERSION = 1;
				DEFINES_MODULE = YES;
				DYLIB_COMPATIBILITY_VERSION = 1;
				DYLIB_CURRENT_VERSION = 1;
				DYLIB_INSTALL_NAME_BASE = "@rpath";
				ENABLE_MODULE_VERIFIER = YES;
				GENERATE_INFOPLIST_FILE = YES;
				INFOPLIST_KEY_NSHumanReadableCopyright = "";
				INSTALL_PATH = "$(LOCAL_LIBRARY_DIR)/Frameworks";
				LD_RUNPATH_SEARCH_PATHS = (
					"$(inherited)",
					"@executable_path/../Frameworks",
					"@loader_path/Frameworks",
				);
				MARKETING_VERSION = 1.0;
				MODULE_VERIFIER_SUPPORTED_LANGUAGES = "objective-c objective-c++";
				MODULE_VERIFIER_SUPPORTED_LANGUAGE_STANDARDS = "gnu17 gnu++20";
				PRODUCT_BUNDLE_IDENTIFIER = app.kai7.EssentialFeed;
				PRODUCT_NAME = "$(TARGET_NAME:c99extidentifier)";
				SKIP_INSTALL = YES;
				SUPPORTED_PLATFORMS = "iphoneos iphonesimulator macosx";
				SUPPORTS_MACCATALYST = NO;
				SWIFT_EMIT_LOC_STRINGS = YES;
				SWIFT_VERSION = 5.0;
				TARGETED_DEVICE_FAMILY = 1;
			};
			name = Release;
		};
		DE0659322AE29F5D00431F39 /* Debug */ = {
			isa = XCBuildConfiguration;
			buildSettings = {
				ALWAYS_EMBED_SWIFT_STANDARD_LIBRARIES = YES;
				CLANG_ENABLE_MODULES = YES;
				CODE_SIGN_STYLE = Automatic;
				CURRENT_PROJECT_VERSION = 1;
				GENERATE_INFOPLIST_FILE = YES;
				MARKETING_VERSION = 1.0;
				PRODUCT_BUNDLE_IDENTIFIER = app.kai7.EssentialFeedTests;
				PRODUCT_NAME = "$(TARGET_NAME)";
				SUPPORTED_PLATFORMS = "iphoneos iphonesimulator macosx";
				SUPPORTS_MACCATALYST = NO;
				SWIFT_EMIT_LOC_STRINGS = NO;
				SWIFT_OPTIMIZATION_LEVEL = "-Onone";
				SWIFT_VERSION = 5.0;
				TARGETED_DEVICE_FAMILY = 1;
			};
			name = Debug;
		};
		DE0659332AE29F5D00431F39 /* Release */ = {
			isa = XCBuildConfiguration;
			buildSettings = {
				ALWAYS_EMBED_SWIFT_STANDARD_LIBRARIES = YES;
				CLANG_ENABLE_MODULES = YES;
				CODE_SIGN_STYLE = Automatic;
				CURRENT_PROJECT_VERSION = 1;
				GENERATE_INFOPLIST_FILE = YES;
				MARKETING_VERSION = 1.0;
				PRODUCT_BUNDLE_IDENTIFIER = app.kai7.EssentialFeedTests;
				PRODUCT_NAME = "$(TARGET_NAME)";
				SUPPORTED_PLATFORMS = "iphoneos iphonesimulator macosx";
				SUPPORTS_MACCATALYST = NO;
				SWIFT_EMIT_LOC_STRINGS = NO;
				SWIFT_VERSION = 5.0;
				TARGETED_DEVICE_FAMILY = 1;
			};
			name = Release;
		};
		DE0659562AE3B37B00431F39 /* Debug */ = {
			isa = XCBuildConfiguration;
			buildSettings = {
				CODE_SIGN_STYLE = Automatic;
				CURRENT_PROJECT_VERSION = 1;
				GENERATE_INFOPLIST_FILE = YES;
				MARKETING_VERSION = 1.0;
				PRODUCT_BUNDLE_IDENTIFIER = app.kai7.EssentialFeedAPIEndToEndTests;
				PRODUCT_NAME = "$(TARGET_NAME)";
				SUPPORTED_PLATFORMS = "iphoneos iphonesimulator macosx";
				SUPPORTS_MACCATALYST = NO;
				SWIFT_EMIT_LOC_STRINGS = NO;
				SWIFT_VERSION = 5.0;
				TARGETED_DEVICE_FAMILY = 1;
			};
			name = Debug;
		};
		DE0659572AE3B37B00431F39 /* Release */ = {
			isa = XCBuildConfiguration;
			buildSettings = {
				CODE_SIGN_STYLE = Automatic;
				CURRENT_PROJECT_VERSION = 1;
				GENERATE_INFOPLIST_FILE = YES;
				MARKETING_VERSION = 1.0;
				PRODUCT_BUNDLE_IDENTIFIER = app.kai7.EssentialFeedAPIEndToEndTests;
				PRODUCT_NAME = "$(TARGET_NAME)";
				SUPPORTED_PLATFORMS = "iphoneos iphonesimulator macosx";
				SUPPORTS_MACCATALYST = NO;
				SWIFT_EMIT_LOC_STRINGS = NO;
				SWIFT_VERSION = 5.0;
				TARGETED_DEVICE_FAMILY = 1;
			};
			name = Release;
		};
		DE7C26EA2B31702800E6B61A /* Debug */ = {
			isa = XCBuildConfiguration;
			buildSettings = {
				CODE_SIGN_STYLE = Automatic;
				CURRENT_PROJECT_VERSION = 1;
				DEVELOPMENT_TEAM = TFAADZ4278;
				GENERATE_INFOPLIST_FILE = YES;
				MARKETING_VERSION = 1.0;
				PRODUCT_BUNDLE_IDENTIFIER = app.kai7.EssentialFeedCacheIntegrationTests;
				PRODUCT_NAME = "$(TARGET_NAME)";
				SUPPORTED_PLATFORMS = "iphoneos iphonesimulator macosx";
				SUPPORTS_MACCATALYST = NO;
				SWIFT_EMIT_LOC_STRINGS = NO;
				SWIFT_VERSION = 5.0;
				TARGETED_DEVICE_FAMILY = 1;
			};
			name = Debug;
		};
		DE7C26EB2B31702800E6B61A /* Release */ = {
			isa = XCBuildConfiguration;
			buildSettings = {
				CODE_SIGN_STYLE = Automatic;
				CURRENT_PROJECT_VERSION = 1;
				DEVELOPMENT_TEAM = TFAADZ4278;
				GENERATE_INFOPLIST_FILE = YES;
				MARKETING_VERSION = 1.0;
				PRODUCT_BUNDLE_IDENTIFIER = app.kai7.EssentialFeedCacheIntegrationTests;
				PRODUCT_NAME = "$(TARGET_NAME)";
				SUPPORTED_PLATFORMS = "iphoneos iphonesimulator macosx";
				SUPPORTS_MACCATALYST = NO;
				SWIFT_EMIT_LOC_STRINGS = NO;
				SWIFT_VERSION = 5.0;
				TARGETED_DEVICE_FAMILY = 1;
			};
			name = Release;
		};
		DEB574D62B37E238007CBC30 /* Debug */ = {
			isa = XCBuildConfiguration;
			buildSettings = {
				CLANG_ENABLE_MODULES = YES;
				CODE_SIGN_STYLE = Automatic;
				CURRENT_PROJECT_VERSION = 1;
				DEFINES_MODULE = YES;
				DEVELOPMENT_TEAM = TFAADZ4278;
				DYLIB_COMPATIBILITY_VERSION = 1;
				DYLIB_CURRENT_VERSION = 1;
				DYLIB_INSTALL_NAME_BASE = "@rpath";
				ENABLE_MODULE_VERIFIER = YES;
				GENERATE_INFOPLIST_FILE = YES;
				INFOPLIST_KEY_NSHumanReadableCopyright = "";
				INSTALL_PATH = "$(LOCAL_LIBRARY_DIR)/Frameworks";
				IPHONEOS_DEPLOYMENT_TARGET = 17.0;
				LD_RUNPATH_SEARCH_PATHS = (
					"$(inherited)",
					"@executable_path/Frameworks",
					"@loader_path/Frameworks",
				);
				MARKETING_VERSION = 1.0;
				MODULE_VERIFIER_SUPPORTED_LANGUAGES = "objective-c objective-c++";
				MODULE_VERIFIER_SUPPORTED_LANGUAGE_STANDARDS = "gnu17 gnu++20";
				PRODUCT_BUNDLE_IDENTIFIER = app.kai7.EssentialFeediOS;
				PRODUCT_NAME = "$(TARGET_NAME:c99extidentifier)";
				SDKROOT = iphoneos;
				SKIP_INSTALL = YES;
				SWIFT_EMIT_LOC_STRINGS = YES;
				SWIFT_OPTIMIZATION_LEVEL = "-Onone";
				SWIFT_VERSION = 5.0;
				TARGETED_DEVICE_FAMILY = "1,2";
			};
			name = Debug;
		};
		DEB574D72B37E238007CBC30 /* Release */ = {
			isa = XCBuildConfiguration;
			buildSettings = {
				CLANG_ENABLE_MODULES = YES;
				CODE_SIGN_STYLE = Automatic;
				CURRENT_PROJECT_VERSION = 1;
				DEFINES_MODULE = YES;
				DEVELOPMENT_TEAM = TFAADZ4278;
				DYLIB_COMPATIBILITY_VERSION = 1;
				DYLIB_CURRENT_VERSION = 1;
				DYLIB_INSTALL_NAME_BASE = "@rpath";
				ENABLE_MODULE_VERIFIER = YES;
				GENERATE_INFOPLIST_FILE = YES;
				INFOPLIST_KEY_NSHumanReadableCopyright = "";
				INSTALL_PATH = "$(LOCAL_LIBRARY_DIR)/Frameworks";
				IPHONEOS_DEPLOYMENT_TARGET = 17.0;
				LD_RUNPATH_SEARCH_PATHS = (
					"$(inherited)",
					"@executable_path/Frameworks",
					"@loader_path/Frameworks",
				);
				MARKETING_VERSION = 1.0;
				MODULE_VERIFIER_SUPPORTED_LANGUAGES = "objective-c objective-c++";
				MODULE_VERIFIER_SUPPORTED_LANGUAGE_STANDARDS = "gnu17 gnu++20";
				PRODUCT_BUNDLE_IDENTIFIER = app.kai7.EssentialFeediOS;
				PRODUCT_NAME = "$(TARGET_NAME:c99extidentifier)";
				SDKROOT = iphoneos;
				SKIP_INSTALL = YES;
				SWIFT_EMIT_LOC_STRINGS = YES;
				SWIFT_VERSION = 5.0;
				TARGETED_DEVICE_FAMILY = "1,2";
				VALIDATE_PRODUCT = YES;
			};
			name = Release;
		};
		DEB574D92B37E238007CBC30 /* Debug */ = {
			isa = XCBuildConfiguration;
			buildSettings = {
				ALWAYS_EMBED_SWIFT_STANDARD_LIBRARIES = YES;
				CLANG_ENABLE_MODULES = YES;
				CODE_SIGN_STYLE = Automatic;
				CURRENT_PROJECT_VERSION = 1;
				DEVELOPMENT_TEAM = TFAADZ4278;
				GENERATE_INFOPLIST_FILE = YES;
				IPHONEOS_DEPLOYMENT_TARGET = 17.0;
				MARKETING_VERSION = 1.0;
				PRODUCT_BUNDLE_IDENTIFIER = app.kai7.EssentialFeediOSTests;
				PRODUCT_NAME = "$(TARGET_NAME)";
				SDKROOT = iphoneos;
				SWIFT_EMIT_LOC_STRINGS = NO;
				SWIFT_OPTIMIZATION_LEVEL = "-Onone";
				SWIFT_VERSION = 5.0;
				TARGETED_DEVICE_FAMILY = "1,2";
			};
			name = Debug;
		};
		DEB574DA2B37E238007CBC30 /* Release */ = {
			isa = XCBuildConfiguration;
			buildSettings = {
				ALWAYS_EMBED_SWIFT_STANDARD_LIBRARIES = YES;
				CLANG_ENABLE_MODULES = YES;
				CODE_SIGN_STYLE = Automatic;
				CURRENT_PROJECT_VERSION = 1;
				DEVELOPMENT_TEAM = TFAADZ4278;
				GENERATE_INFOPLIST_FILE = YES;
				IPHONEOS_DEPLOYMENT_TARGET = 17.0;
				MARKETING_VERSION = 1.0;
				PRODUCT_BUNDLE_IDENTIFIER = app.kai7.EssentialFeediOSTests;
				PRODUCT_NAME = "$(TARGET_NAME)";
				SDKROOT = iphoneos;
				SWIFT_EMIT_LOC_STRINGS = NO;
				SWIFT_VERSION = 5.0;
				TARGETED_DEVICE_FAMILY = "1,2";
				VALIDATE_PRODUCT = YES;
			};
			name = Release;
		};
/* End XCBuildConfiguration section */

/* Begin XCConfigurationList section */
		DE0659162AE29F5D00431F39 /* Build configuration list for PBXProject "EssentialFeed" */ = {
			isa = XCConfigurationList;
			buildConfigurations = (
				DE06592C2AE29F5D00431F39 /* Debug */,
				DE06592D2AE29F5D00431F39 /* Release */,
			);
			defaultConfigurationIsVisible = 0;
			defaultConfigurationName = Release;
		};
		DE06592E2AE29F5D00431F39 /* Build configuration list for PBXNativeTarget "EssentialFeed" */ = {
			isa = XCConfigurationList;
			buildConfigurations = (
				DE06592F2AE29F5D00431F39 /* Debug */,
				DE0659302AE29F5D00431F39 /* Release */,
			);
			defaultConfigurationIsVisible = 0;
			defaultConfigurationName = Release;
		};
		DE0659312AE29F5D00431F39 /* Build configuration list for PBXNativeTarget "EssentialFeedTests" */ = {
			isa = XCConfigurationList;
			buildConfigurations = (
				DE0659322AE29F5D00431F39 /* Debug */,
				DE0659332AE29F5D00431F39 /* Release */,
			);
			defaultConfigurationIsVisible = 0;
			defaultConfigurationName = Release;
		};
		DE0659552AE3B37B00431F39 /* Build configuration list for PBXNativeTarget "EssentialFeedAPIEndToEndTests" */ = {
			isa = XCConfigurationList;
			buildConfigurations = (
				DE0659562AE3B37B00431F39 /* Debug */,
				DE0659572AE3B37B00431F39 /* Release */,
			);
			defaultConfigurationIsVisible = 0;
			defaultConfigurationName = Release;
		};
		DE7C26E92B31702800E6B61A /* Build configuration list for PBXNativeTarget "EssentialFeedCacheIntegrationTests" */ = {
			isa = XCConfigurationList;
			buildConfigurations = (
				DE7C26EA2B31702800E6B61A /* Debug */,
				DE7C26EB2B31702800E6B61A /* Release */,
			);
			defaultConfigurationIsVisible = 0;
			defaultConfigurationName = Release;
		};
		DEB574D52B37E238007CBC30 /* Build configuration list for PBXNativeTarget "EssentialFeediOS" */ = {
			isa = XCConfigurationList;
			buildConfigurations = (
				DEB574D62B37E238007CBC30 /* Debug */,
				DEB574D72B37E238007CBC30 /* Release */,
			);
			defaultConfigurationIsVisible = 0;
			defaultConfigurationName = Release;
		};
		DEB574D82B37E238007CBC30 /* Build configuration list for PBXNativeTarget "EssentialFeediOSTests" */ = {
			isa = XCConfigurationList;
			buildConfigurations = (
				DEB574D92B37E238007CBC30 /* Debug */,
				DEB574DA2B37E238007CBC30 /* Release */,
			);
			defaultConfigurationIsVisible = 0;
			defaultConfigurationName = Release;
		};
/* End XCConfigurationList section */

/* Begin XCVersionGroup section */
		DE7C26C32B31251000E6B61A /* FeedStore.xcdatamodeld */ = {
			isa = XCVersionGroup;
			children = (
				DE7C26C42B31251000E6B61A /* FeedStore.xcdatamodel */,
			);
			currentVersion = DE7C26C42B31251000E6B61A /* FeedStore.xcdatamodel */;
			path = FeedStore.xcdatamodeld;
			sourceTree = "<group>";
			versionGroupType = wrapper.xcdatamodel;
		};
/* End XCVersionGroup section */
	};
	rootObject = DE0659132AE29F5D00431F39 /* Project object */;
}
