// !$*UTF8*$!
{
	archiveVersion = 1;
	classes = {
	};
	objectVersion = 56;
	objects = {

/* Begin PBXBuildFile section */
		DEF7C74B2B4CD2DE00B43BEB /* AppDelegate.swift in Sources */ = {isa = PBXBuildFile; fileRef = DEF7C74A2B4CD2DE00B43BEB /* AppDelegate.swift */; };
		DEF7C74D2B4CD2DE00B43BEB /* SceneDelegate.swift in Sources */ = {isa = PBXBuildFile; fileRef = DEF7C74C2B4CD2DE00B43BEB /* SceneDelegate.swift */; };
		DEF7C7542B4CD2E000B43BEB /* Assets.xcassets in Resources */ = {isa = PBXBuildFile; fileRef = DEF7C7532B4CD2E000B43BEB /* Assets.xcassets */; };
		DEF7C7572B4CD2E000B43BEB /* LaunchScreen.storyboard in Resources */ = {isa = PBXBuildFile; fileRef = DEF7C7552B4CD2E000B43BEB /* LaunchScreen.storyboard */; };
		DEF7C7702B4CD54600B43BEB /* EssentialFeed.framework in Frameworks */ = {isa = PBXBuildFile; fileRef = DEF7C76E2B4CD54600B43BEB /* EssentialFeed.framework */; };
		DEF7C7712B4CD54600B43BEB /* EssentialFeed.framework in Embed Frameworks */ = {isa = PBXBuildFile; fileRef = DEF7C76E2B4CD54600B43BEB /* EssentialFeed.framework */; settings = {ATTRIBUTES = (CodeSignOnCopy, RemoveHeadersOnCopy, ); }; };
		DEF7C7722B4CD54600B43BEB /* EssentialFeediOS.framework in Frameworks */ = {isa = PBXBuildFile; fileRef = DEF7C76F2B4CD54600B43BEB /* EssentialFeediOS.framework */; };
		DEF7C7732B4CD54600B43BEB /* EssentialFeediOS.framework in Embed Frameworks */ = {isa = PBXBuildFile; fileRef = DEF7C76F2B4CD54600B43BEB /* EssentialFeediOS.framework */; settings = {ATTRIBUTES = (CodeSignOnCopy, RemoveHeadersOnCopy, ); }; };
		DEF7C77D2B4CE55700B43BEB /* XCTestCase+MemoryLeakTracking.swift in Sources */ = {isa = PBXBuildFile; fileRef = DEF7C77C2B4CE55700B43BEB /* XCTestCase+MemoryLeakTracking.swift */; };
		DEF7C77F2B4CE59F00B43BEB /* SharedTestHelpers.swift in Sources */ = {isa = PBXBuildFile; fileRef = DEF7C77E2B4CE59F00B43BEB /* SharedTestHelpers.swift */; };
		DEF7C7A62B4EB29200B43BEB /* SceneDelegateTests.swift in Sources */ = {isa = PBXBuildFile; fileRef = DEF7C7A52B4EB29200B43BEB /* SceneDelegateTests.swift */; };
		DEF7C7AD2B4F5F4400B43BEB /* FeedUIComposer.swift in Sources */ = {isa = PBXBuildFile; fileRef = DEF7C7AA2B4F5F4400B43BEB /* FeedUIComposer.swift */; };
		DEF7C7AF2B4F5F4400B43BEB /* LoadResourcePresentationAdapter.swift in Sources */ = {isa = PBXBuildFile; fileRef = DEF7C7AC2B4F5F4400B43BEB /* LoadResourcePresentationAdapter.swift */; };
		DEF7C7B12B4F5F4400B43BEB /* FeedViewAdapter.swift in Sources */ = {isa = PBXBuildFile; fileRef = DEF7C7AB2B4F5F4400B43BEB /* FeedViewAdapter.swift */; };
		DEF7C7B22B4F5F4400B43BEB /* WeakRefVirtualProxy.swift in Sources */ = {isa = PBXBuildFile; fileRef = DEF7C7A72B4F5F4400B43BEB /* WeakRefVirtualProxy.swift */; };
		DEF7C7BC2B4F600300B43BEB /* FeedImageCell+TestHelpers.swift in Sources */ = {isa = PBXBuildFile; fileRef = DEF7C7BA2B4F600300B43BEB /* FeedImageCell+TestHelpers.swift */; };
		DEF7C7BD2B4F600300B43BEB /* FeedViewController+TestHelpers.swift in Sources */ = {isa = PBXBuildFile; fileRef = DEF7C7B42B4F600300B43BEB /* FeedViewController+TestHelpers.swift */; };
		DEF7C7BE2B4F600300B43BEB /* FeedUIIntegrationTests+LoaderSpy.swift in Sources */ = {isa = PBXBuildFile; fileRef = DEF7C7B82B4F600300B43BEB /* FeedUIIntegrationTests+LoaderSpy.swift */; };
		DEF7C7BF2B4F600300B43BEB /* UIRefreshControl+TestHelpers.swift in Sources */ = {isa = PBXBuildFile; fileRef = DEF7C7B92B4F600300B43BEB /* UIRefreshControl+TestHelpers.swift */; };
		DEF7C7C02B4F600300B43BEB /* UIButton+TestHelpers.swift in Sources */ = {isa = PBXBuildFile; fileRef = DEF7C7B52B4F600300B43BEB /* UIButton+TestHelpers.swift */; };
		DEF7C7C12B4F600300B43BEB /* UIControl+TestHelpers.swift in Sources */ = {isa = PBXBuildFile; fileRef = DEF7C7B62B4F600300B43BEB /* UIControl+TestHelpers.swift */; };
		DEF7C7C22B4F600300B43BEB /* FeedUIIntegrationTests+Assertions.swift in Sources */ = {isa = PBXBuildFile; fileRef = DEF7C7BB2B4F600300B43BEB /* FeedUIIntegrationTests+Assertions.swift */; };
		DEF7C7C32B4F600300B43BEB /* FeedUIIntegrationTests+Localization.swift in Sources */ = {isa = PBXBuildFile; fileRef = DEF7C7B32B4F600300B43BEB /* FeedUIIntegrationTests+Localization.swift */; };
		DEF7C7C42B4F600300B43BEB /* UIImage+TestHelpers.swift in Sources */ = {isa = PBXBuildFile; fileRef = DEF7C7B72B4F600300B43BEB /* UIImage+TestHelpers.swift */; };
		DEF7C7C62B4F601200B43BEB /* FeedUIIntegrationTests.swift in Sources */ = {isa = PBXBuildFile; fileRef = DEF7C7C52B4F601200B43BEB /* FeedUIIntegrationTests.swift */; };
		DEF7C7C82B50ADEB00B43BEB /* FeedAcceptanceTests.swift in Sources */ = {isa = PBXBuildFile; fileRef = DEF7C7C72B50ADEB00B43BEB /* FeedAcceptanceTests.swift */; };
		DEF7C7CA2B51541200B43BEB /* HTTPClientStub.swift in Sources */ = {isa = PBXBuildFile; fileRef = DEF7C7C92B51541200B43BEB /* HTTPClientStub.swift */; };
		DEF7C7CC2B51547200B43BEB /* InMemoryFeedStore.swift in Sources */ = {isa = PBXBuildFile; fileRef = DEF7C7CB2B51547200B43BEB /* InMemoryFeedStore.swift */; };
		DEF7C7DC2B540F8C00B43BEB /* UIView+TestHelpers.swift in Sources */ = {isa = PBXBuildFile; fileRef = DEF7C7DB2B540F8C00B43BEB /* UIView+TestHelpers.swift */; };
		DEF7C7DE2B54A12800B43BEB /* CombineHelpers.swift in Sources */ = {isa = PBXBuildFile; fileRef = DEF7C7DD2B54A12800B43BEB /* CombineHelpers.swift */; };
/* End PBXBuildFile section */

/* Begin PBXContainerItemProxy section */
		DEF7C7662B4CD37D00B43BEB /* PBXContainerItemProxy */ = {
			isa = PBXContainerItemProxy;
			containerPortal = DEF7C73F2B4CD2DE00B43BEB /* Project object */;
			proxyType = 1;
			remoteGlobalIDString = DEF7C7462B4CD2DE00B43BEB;
			remoteInfo = EssentialApp;
		};
/* End PBXContainerItemProxy section */

/* Begin PBXCopyFilesBuildPhase section */
		DEF7C7742B4CD54700B43BEB /* Embed Frameworks */ = {
			isa = PBXCopyFilesBuildPhase;
			buildActionMask = 2147483647;
			dstPath = "";
			dstSubfolderSpec = 10;
			files = (
				DEF7C7712B4CD54600B43BEB /* EssentialFeed.framework in Embed Frameworks */,
				DEF7C7732B4CD54600B43BEB /* EssentialFeediOS.framework in Embed Frameworks */,
			);
			name = "Embed Frameworks";
			runOnlyForDeploymentPostprocessing = 0;
		};
/* End PBXCopyFilesBuildPhase section */

/* Begin PBXFileReference section */
		DEF7C7472B4CD2DE00B43BEB /* EssentialApp.app */ = {isa = PBXFileReference; explicitFileType = wrapper.application; includeInIndex = 0; path = EssentialApp.app; sourceTree = BUILT_PRODUCTS_DIR; };
		DEF7C74A2B4CD2DE00B43BEB /* AppDelegate.swift */ = {isa = PBXFileReference; lastKnownFileType = sourcecode.swift; path = AppDelegate.swift; sourceTree = "<group>"; };
		DEF7C74C2B4CD2DE00B43BEB /* SceneDelegate.swift */ = {isa = PBXFileReference; lastKnownFileType = sourcecode.swift; path = SceneDelegate.swift; sourceTree = "<group>"; };
		DEF7C7532B4CD2E000B43BEB /* Assets.xcassets */ = {isa = PBXFileReference; lastKnownFileType = folder.assetcatalog; path = Assets.xcassets; sourceTree = "<group>"; };
		DEF7C7562B4CD2E000B43BEB /* Base */ = {isa = PBXFileReference; lastKnownFileType = file.storyboard; name = Base; path = Base.lproj/LaunchScreen.storyboard; sourceTree = "<group>"; };
		DEF7C7582B4CD2E000B43BEB /* Info.plist */ = {isa = PBXFileReference; lastKnownFileType = text.plist.xml; path = Info.plist; sourceTree = "<group>"; };
		DEF7C7622B4CD37D00B43BEB /* EssentialAppTests.xctest */ = {isa = PBXFileReference; explicitFileType = wrapper.cfbundle; includeInIndex = 0; path = EssentialAppTests.xctest; sourceTree = BUILT_PRODUCTS_DIR; };
		DEF7C76E2B4CD54600B43BEB /* EssentialFeed.framework */ = {isa = PBXFileReference; explicitFileType = wrapper.framework; path = EssentialFeed.framework; sourceTree = BUILT_PRODUCTS_DIR; };
		DEF7C76F2B4CD54600B43BEB /* EssentialFeediOS.framework */ = {isa = PBXFileReference; explicitFileType = wrapper.framework; path = EssentialFeediOS.framework; sourceTree = BUILT_PRODUCTS_DIR; };
		DEF7C77C2B4CE55700B43BEB /* XCTestCase+MemoryLeakTracking.swift */ = {isa = PBXFileReference; lastKnownFileType = sourcecode.swift; path = "XCTestCase+MemoryLeakTracking.swift"; sourceTree = "<group>"; };
		DEF7C77E2B4CE59F00B43BEB /* SharedTestHelpers.swift */ = {isa = PBXFileReference; lastKnownFileType = sourcecode.swift; path = SharedTestHelpers.swift; sourceTree = "<group>"; };
		DEF7C7A52B4EB29200B43BEB /* SceneDelegateTests.swift */ = {isa = PBXFileReference; lastKnownFileType = sourcecode.swift; path = SceneDelegateTests.swift; sourceTree = "<group>"; };
		DEF7C7A72B4F5F4400B43BEB /* WeakRefVirtualProxy.swift */ = {isa = PBXFileReference; lastKnownFileType = sourcecode.swift; path = WeakRefVirtualProxy.swift; sourceTree = "<group>"; };
		DEF7C7AA2B4F5F4400B43BEB /* FeedUIComposer.swift */ = {isa = PBXFileReference; lastKnownFileType = sourcecode.swift; path = FeedUIComposer.swift; sourceTree = "<group>"; };
		DEF7C7AB2B4F5F4400B43BEB /* FeedViewAdapter.swift */ = {isa = PBXFileReference; lastKnownFileType = sourcecode.swift; path = FeedViewAdapter.swift; sourceTree = "<group>"; };
		DEF7C7AC2B4F5F4400B43BEB /* LoadResourcePresentationAdapter.swift */ = {isa = PBXFileReference; lastKnownFileType = sourcecode.swift; path = LoadResourcePresentationAdapter.swift; sourceTree = "<group>"; };
		DEF7C7B32B4F600300B43BEB /* FeedUIIntegrationTests+Localization.swift */ = {isa = PBXFileReference; lastKnownFileType = sourcecode.swift; path = "FeedUIIntegrationTests+Localization.swift"; sourceTree = "<group>"; };
		DEF7C7B42B4F600300B43BEB /* FeedViewController+TestHelpers.swift */ = {isa = PBXFileReference; lastKnownFileType = sourcecode.swift; path = "FeedViewController+TestHelpers.swift"; sourceTree = "<group>"; };
		DEF7C7B52B4F600300B43BEB /* UIButton+TestHelpers.swift */ = {isa = PBXFileReference; lastKnownFileType = sourcecode.swift; path = "UIButton+TestHelpers.swift"; sourceTree = "<group>"; };
		DEF7C7B62B4F600300B43BEB /* UIControl+TestHelpers.swift */ = {isa = PBXFileReference; lastKnownFileType = sourcecode.swift; path = "UIControl+TestHelpers.swift"; sourceTree = "<group>"; };
		DEF7C7B72B4F600300B43BEB /* UIImage+TestHelpers.swift */ = {isa = PBXFileReference; lastKnownFileType = sourcecode.swift; path = "UIImage+TestHelpers.swift"; sourceTree = "<group>"; };
		DEF7C7B82B4F600300B43BEB /* FeedUIIntegrationTests+LoaderSpy.swift */ = {isa = PBXFileReference; lastKnownFileType = sourcecode.swift; path = "FeedUIIntegrationTests+LoaderSpy.swift"; sourceTree = "<group>"; };
		DEF7C7B92B4F600300B43BEB /* UIRefreshControl+TestHelpers.swift */ = {isa = PBXFileReference; lastKnownFileType = sourcecode.swift; path = "UIRefreshControl+TestHelpers.swift"; sourceTree = "<group>"; };
		DEF7C7BA2B4F600300B43BEB /* FeedImageCell+TestHelpers.swift */ = {isa = PBXFileReference; lastKnownFileType = sourcecode.swift; path = "FeedImageCell+TestHelpers.swift"; sourceTree = "<group>"; };
		DEF7C7BB2B4F600300B43BEB /* FeedUIIntegrationTests+Assertions.swift */ = {isa = PBXFileReference; lastKnownFileType = sourcecode.swift; path = "FeedUIIntegrationTests+Assertions.swift"; sourceTree = "<group>"; };
		DEF7C7C52B4F601200B43BEB /* FeedUIIntegrationTests.swift */ = {isa = PBXFileReference; lastKnownFileType = sourcecode.swift; path = FeedUIIntegrationTests.swift; sourceTree = "<group>"; };
		DEF7C7C72B50ADEB00B43BEB /* FeedAcceptanceTests.swift */ = {isa = PBXFileReference; lastKnownFileType = sourcecode.swift; path = FeedAcceptanceTests.swift; sourceTree = "<group>"; };
		DEF7C7C92B51541200B43BEB /* HTTPClientStub.swift */ = {isa = PBXFileReference; lastKnownFileType = sourcecode.swift; path = HTTPClientStub.swift; sourceTree = "<group>"; };
		DEF7C7CB2B51547200B43BEB /* InMemoryFeedStore.swift */ = {isa = PBXFileReference; lastKnownFileType = sourcecode.swift; path = InMemoryFeedStore.swift; sourceTree = "<group>"; };
		DEF7C7DB2B540F8C00B43BEB /* UIView+TestHelpers.swift */ = {isa = PBXFileReference; lastKnownFileType = sourcecode.swift; path = "UIView+TestHelpers.swift"; sourceTree = "<group>"; };
		DEF7C7DD2B54A12800B43BEB /* CombineHelpers.swift */ = {isa = PBXFileReference; lastKnownFileType = sourcecode.swift; path = CombineHelpers.swift; sourceTree = "<group>"; };
		DEF7C7FA2B55EC1F00B43BEB /* EssentialApp.xctestplan */ = {isa = PBXFileReference; lastKnownFileType = text; path = EssentialApp.xctestplan; sourceTree = "<group>"; };
/* End PBXFileReference section */

/* Begin PBXFrameworksBuildPhase section */
		DEF7C7442B4CD2DE00B43BEB /* Frameworks */ = {
			isa = PBXFrameworksBuildPhase;
			buildActionMask = 2147483647;
			files = (
				DEF7C7702B4CD54600B43BEB /* EssentialFeed.framework in Frameworks */,
				DEF7C7722B4CD54600B43BEB /* EssentialFeediOS.framework in Frameworks */,
			);
			runOnlyForDeploymentPostprocessing = 0;
		};
		DEF7C75F2B4CD37D00B43BEB /* Frameworks */ = {
			isa = PBXFrameworksBuildPhase;
			buildActionMask = 2147483647;
			files = (
			);
			runOnlyForDeploymentPostprocessing = 0;
		};
/* End PBXFrameworksBuildPhase section */

/* Begin PBXGroup section */
		DEF7C73E2B4CD2DE00B43BEB = {
			isa = PBXGroup;
			children = (
				DEF7C7FA2B55EC1F00B43BEB /* EssentialApp.xctestplan */,
				DEF7C7492B4CD2DE00B43BEB /* EssentialApp */,
				DEF7C7632B4CD37D00B43BEB /* EssentialAppTests */,
				DEF7C7482B4CD2DE00B43BEB /* Products */,
				DEF7C76D2B4CD54600B43BEB /* Frameworks */,
			);
			sourceTree = "<group>";
		};
		DEF7C7482B4CD2DE00B43BEB /* Products */ = {
			isa = PBXGroup;
			children = (
				DEF7C7472B4CD2DE00B43BEB /* EssentialApp.app */,
				DEF7C7622B4CD37D00B43BEB /* EssentialAppTests.xctest */,
			);
			name = Products;
			sourceTree = "<group>";
		};
		DEF7C7492B4CD2DE00B43BEB /* EssentialApp */ = {
			isa = PBXGroup;
			children = (
				DEF7C74A2B4CD2DE00B43BEB /* AppDelegate.swift */,
				DEF7C74C2B4CD2DE00B43BEB /* SceneDelegate.swift */,
				DEF7C7AA2B4F5F4400B43BEB /* FeedUIComposer.swift */,
				DEF7C7AB2B4F5F4400B43BEB /* FeedViewAdapter.swift */,
				DEF7C7AC2B4F5F4400B43BEB /* LoadResourcePresentationAdapter.swift */,
				DEF7C7A72B4F5F4400B43BEB /* WeakRefVirtualProxy.swift */,
				DEF7C7DD2B54A12800B43BEB /* CombineHelpers.swift */,
				DEF7C7532B4CD2E000B43BEB /* Assets.xcassets */,
				DEF7C7552B4CD2E000B43BEB /* LaunchScreen.storyboard */,
				DEF7C7582B4CD2E000B43BEB /* Info.plist */,
			);
			path = EssentialApp;
			sourceTree = "<group>";
		};
		DEF7C7632B4CD37D00B43BEB /* EssentialAppTests */ = {
			isa = PBXGroup;
			children = (
				DEF7C77B2B4CE54F00B43BEB /* Helpers */,
				DEF7C7C72B50ADEB00B43BEB /* FeedAcceptanceTests.swift */,
				DEF7C7C52B4F601200B43BEB /* FeedUIIntegrationTests.swift */,
				DEF7C7A52B4EB29200B43BEB /* SceneDelegateTests.swift */,
			);
			path = EssentialAppTests;
			sourceTree = "<group>";
		};
		DEF7C76D2B4CD54600B43BEB /* Frameworks */ = {
			isa = PBXGroup;
			children = (
				DEF7C76E2B4CD54600B43BEB /* EssentialFeed.framework */,
				DEF7C76F2B4CD54600B43BEB /* EssentialFeediOS.framework */,
			);
			name = Frameworks;
			sourceTree = "<group>";
		};
		DEF7C77B2B4CE54F00B43BEB /* Helpers */ = {
			isa = PBXGroup;
			children = (
				DEF7C7B42B4F600300B43BEB /* FeedViewController+TestHelpers.swift */,
				DEF7C7BA2B4F600300B43BEB /* FeedImageCell+TestHelpers.swift */,
				DEF7C7B82B4F600300B43BEB /* FeedUIIntegrationTests+LoaderSpy.swift */,
				DEF7C7BB2B4F600300B43BEB /* FeedUIIntegrationTests+Assertions.swift */,
				DEF7C7B32B4F600300B43BEB /* FeedUIIntegrationTests+Localization.swift */,
				DEF7C7B72B4F600300B43BEB /* UIImage+TestHelpers.swift */,
				DEF7C7B92B4F600300B43BEB /* UIRefreshControl+TestHelpers.swift */,
				DEF7C7B52B4F600300B43BEB /* UIButton+TestHelpers.swift */,
				DEF7C7B62B4F600300B43BEB /* UIControl+TestHelpers.swift */,
				DEF7C7DB2B540F8C00B43BEB /* UIView+TestHelpers.swift */,
				DEF7C77C2B4CE55700B43BEB /* XCTestCase+MemoryLeakTracking.swift */,
				DEF7C77E2B4CE59F00B43BEB /* SharedTestHelpers.swift */,
				DEF7C7C92B51541200B43BEB /* HTTPClientStub.swift */,
				DEF7C7CB2B51547200B43BEB /* InMemoryFeedStore.swift */,
			);
			path = Helpers;
			sourceTree = "<group>";
		};
/* End PBXGroup section */

/* Begin PBXNativeTarget section */
		DEF7C7462B4CD2DE00B43BEB /* EssentialApp */ = {
			isa = PBXNativeTarget;
			buildConfigurationList = DEF7C75B2B4CD2E000B43BEB /* Build configuration list for PBXNativeTarget "EssentialApp" */;
			buildPhases = (
				DEF7C7432B4CD2DE00B43BEB /* Sources */,
				DEF7C7442B4CD2DE00B43BEB /* Frameworks */,
				DEF7C7452B4CD2DE00B43BEB /* Resources */,
				DEF7C7742B4CD54700B43BEB /* Embed Frameworks */,
			);
			buildRules = (
			);
			dependencies = (
			);
			name = EssentialApp;
			productName = EssentialApp;
			productReference = DEF7C7472B4CD2DE00B43BEB /* EssentialApp.app */;
			productType = "com.apple.product-type.application";
		};
		DEF7C7612B4CD37D00B43BEB /* EssentialAppTests */ = {
			isa = PBXNativeTarget;
			buildConfigurationList = DEF7C76A2B4CD37D00B43BEB /* Build configuration list for PBXNativeTarget "EssentialAppTests" */;
			buildPhases = (
				DEF7C75E2B4CD37D00B43BEB /* Sources */,
				DEF7C75F2B4CD37D00B43BEB /* Frameworks */,
				DEF7C7602B4CD37D00B43BEB /* Resources */,
			);
			buildRules = (
			);
			dependencies = (
				DEF7C7672B4CD37D00B43BEB /* PBXTargetDependency */,
			);
			name = EssentialAppTests;
			productName = EssentialAppTests;
			productReference = DEF7C7622B4CD37D00B43BEB /* EssentialAppTests.xctest */;
			productType = "com.apple.product-type.bundle.unit-test";
		};
/* End PBXNativeTarget section */

/* Begin PBXProject section */
		DEF7C73F2B4CD2DE00B43BEB /* Project object */ = {
			isa = PBXProject;
			attributes = {
				BuildIndependentTargetsInParallel = 1;
				LastSwiftUpdateCheck = 1500;
				LastUpgradeCheck = 1500;
				TargetAttributes = {
					DEF7C7462B4CD2DE00B43BEB = {
						CreatedOnToolsVersion = 15.0.1;
					};
					DEF7C7612B4CD37D00B43BEB = {
						CreatedOnToolsVersion = 15.0.1;
						LastSwiftMigration = 1500;
						TestTargetID = DEF7C7462B4CD2DE00B43BEB;
					};
				};
			};
			buildConfigurationList = DEF7C7422B4CD2DE00B43BEB /* Build configuration list for PBXProject "EssentialApp" */;
			compatibilityVersion = "Xcode 14.0";
			developmentRegion = en;
			hasScannedForEncodings = 0;
			knownRegions = (
				en,
				Base,
			);
			mainGroup = DEF7C73E2B4CD2DE00B43BEB;
			productRefGroup = DEF7C7482B4CD2DE00B43BEB /* Products */;
			projectDirPath = "";
			projectRoot = "";
			targets = (
				DEF7C7462B4CD2DE00B43BEB /* EssentialApp */,
				DEF7C7612B4CD37D00B43BEB /* EssentialAppTests */,
			);
		};
/* End PBXProject section */

/* Begin PBXResourcesBuildPhase section */
		DEF7C7452B4CD2DE00B43BEB /* Resources */ = {
			isa = PBXResourcesBuildPhase;
			buildActionMask = 2147483647;
			files = (
				DEF7C7572B4CD2E000B43BEB /* LaunchScreen.storyboard in Resources */,
				DEF7C7542B4CD2E000B43BEB /* Assets.xcassets in Resources */,
			);
			runOnlyForDeploymentPostprocessing = 0;
		};
		DEF7C7602B4CD37D00B43BEB /* Resources */ = {
			isa = PBXResourcesBuildPhase;
			buildActionMask = 2147483647;
			files = (
			);
			runOnlyForDeploymentPostprocessing = 0;
		};
/* End PBXResourcesBuildPhase section */

/* Begin PBXSourcesBuildPhase section */
		DEF7C7432B4CD2DE00B43BEB /* Sources */ = {
			isa = PBXSourcesBuildPhase;
			buildActionMask = 2147483647;
			files = (
				DEF7C74B2B4CD2DE00B43BEB /* AppDelegate.swift in Sources */,
				DEF7C7AD2B4F5F4400B43BEB /* FeedUIComposer.swift in Sources */,
				DEF7C7B12B4F5F4400B43BEB /* FeedViewAdapter.swift in Sources */,
				DEF7C74D2B4CD2DE00B43BEB /* SceneDelegate.swift in Sources */,
				DEF7C7AF2B4F5F4400B43BEB /* LoadResourcePresentationAdapter.swift in Sources */,
				DEF7C7B22B4F5F4400B43BEB /* WeakRefVirtualProxy.swift in Sources */,
				DEF7C7DE2B54A12800B43BEB /* CombineHelpers.swift in Sources */,
			);
			runOnlyForDeploymentPostprocessing = 0;
		};
		DEF7C75E2B4CD37D00B43BEB /* Sources */ = {
			isa = PBXSourcesBuildPhase;
			buildActionMask = 2147483647;
			files = (
				DEF7C7BE2B4F600300B43BEB /* FeedUIIntegrationTests+LoaderSpy.swift in Sources */,
				DEF7C7C22B4F600300B43BEB /* FeedUIIntegrationTests+Assertions.swift in Sources */,
				DEF7C7BF2B4F600300B43BEB /* UIRefreshControl+TestHelpers.swift in Sources */,
				DEF7C7C42B4F600300B43BEB /* UIImage+TestHelpers.swift in Sources */,
				DEF7C77F2B4CE59F00B43BEB /* SharedTestHelpers.swift in Sources */,
				DEF7C7C12B4F600300B43BEB /* UIControl+TestHelpers.swift in Sources */,
				DEF7C7A62B4EB29200B43BEB /* SceneDelegateTests.swift in Sources */,
				DEF7C7CC2B51547200B43BEB /* InMemoryFeedStore.swift in Sources */,
				DEF7C7BD2B4F600300B43BEB /* FeedViewController+TestHelpers.swift in Sources */,
				DEF7C7BC2B4F600300B43BEB /* FeedImageCell+TestHelpers.swift in Sources */,
				DEF7C7CA2B51541200B43BEB /* HTTPClientStub.swift in Sources */,
				DEF7C7C32B4F600300B43BEB /* FeedUIIntegrationTests+Localization.swift in Sources */,
				DEF7C7DC2B540F8C00B43BEB /* UIView+TestHelpers.swift in Sources */,
				DEF7C7C02B4F600300B43BEB /* UIButton+TestHelpers.swift in Sources */,
				DEF7C7C82B50ADEB00B43BEB /* FeedAcceptanceTests.swift in Sources */,
				DEF7C7C62B4F601200B43BEB /* FeedUIIntegrationTests.swift in Sources */,
				DEF7C77D2B4CE55700B43BEB /* XCTestCase+MemoryLeakTracking.swift in Sources */,
			);
			runOnlyForDeploymentPostprocessing = 0;
		};
/* End PBXSourcesBuildPhase section */

/* Begin PBXTargetDependency section */
		DEF7C7672B4CD37D00B43BEB /* PBXTargetDependency */ = {
			isa = PBXTargetDependency;
			target = DEF7C7462B4CD2DE00B43BEB /* EssentialApp */;
			targetProxy = DEF7C7662B4CD37D00B43BEB /* PBXContainerItemProxy */;
		};
/* End PBXTargetDependency section */

/* Begin PBXVariantGroup section */
		DEF7C7552B4CD2E000B43BEB /* LaunchScreen.storyboard */ = {
			isa = PBXVariantGroup;
			children = (
				DEF7C7562B4CD2E000B43BEB /* Base */,
			);
			name = LaunchScreen.storyboard;
			sourceTree = "<group>";
		};
/* End PBXVariantGroup section */

/* Begin XCBuildConfiguration section */
		DEF7C7592B4CD2E000B43BEB /* Debug */ = {
			isa = XCBuildConfiguration;
			buildSettings = {
				ALWAYS_SEARCH_USER_PATHS = NO;
				ASSETCATALOG_COMPILER_GENERATE_SWIFT_ASSET_SYMBOL_EXTENSIONS = YES;
				CLANG_ANALYZER_NONNULL = YES;
				CLANG_ANALYZER_NUMBER_OBJECT_CONVERSION = YES_AGGRESSIVE;
				CLANG_CXX_LANGUAGE_STANDARD = "gnu++20";
				CLANG_ENABLE_MODULES = YES;
				CLANG_ENABLE_OBJC_ARC = YES;
				CLANG_ENABLE_OBJC_WEAK = YES;
				CLANG_WARN_BLOCK_CAPTURE_AUTORELEASING = YES;
				CLANG_WARN_BOOL_CONVERSION = YES;
				CLANG_WARN_COMMA = YES;
				CLANG_WARN_CONSTANT_CONVERSION = YES;
				CLANG_WARN_DEPRECATED_OBJC_IMPLEMENTATIONS = YES;
				CLANG_WARN_DIRECT_OBJC_ISA_USAGE = YES_ERROR;
				CLANG_WARN_DOCUMENTATION_COMMENTS = YES;
				CLANG_WARN_EMPTY_BODY = YES;
				CLANG_WARN_ENUM_CONVERSION = YES;
				CLANG_WARN_INFINITE_RECURSION = YES;
				CLANG_WARN_INT_CONVERSION = YES;
				CLANG_WARN_NON_LITERAL_NULL_CONVERSION = YES;
				CLANG_WARN_OBJC_IMPLICIT_RETAIN_SELF = YES;
				CLANG_WARN_OBJC_LITERAL_CONVERSION = YES;
				CLANG_WARN_OBJC_ROOT_CLASS = YES_ERROR;
				CLANG_WARN_QUOTED_INCLUDE_IN_FRAMEWORK_HEADER = YES;
				CLANG_WARN_RANGE_LOOP_ANALYSIS = YES;
				CLANG_WARN_STRICT_PROTOTYPES = YES;
				CLANG_WARN_SUSPICIOUS_MOVE = YES;
				CLANG_WARN_UNGUARDED_AVAILABILITY = YES_AGGRESSIVE;
				CLANG_WARN_UNREACHABLE_CODE = YES;
				CLANG_WARN__DUPLICATE_METHOD_MATCH = YES;
				COPY_PHASE_STRIP = NO;
				DEBUG_INFORMATION_FORMAT = dwarf;
				ENABLE_STRICT_OBJC_MSGSEND = YES;
				ENABLE_TESTABILITY = YES;
				ENABLE_USER_SCRIPT_SANDBOXING = YES;
				GCC_C_LANGUAGE_STANDARD = gnu17;
				GCC_DYNAMIC_NO_PIC = NO;
				GCC_NO_COMMON_BLOCKS = YES;
				GCC_OPTIMIZATION_LEVEL = 0;
				GCC_PREPROCESSOR_DEFINITIONS = (
					"DEBUG=1",
					"$(inherited)",
				);
				GCC_WARN_64_TO_32_BIT_CONVERSION = YES;
				GCC_WARN_ABOUT_RETURN_TYPE = YES_ERROR;
				GCC_WARN_UNDECLARED_SELECTOR = YES;
				GCC_WARN_UNINITIALIZED_AUTOS = YES_AGGRESSIVE;
				GCC_WARN_UNUSED_FUNCTION = YES;
				GCC_WARN_UNUSED_VARIABLE = YES;
				IPHONEOS_DEPLOYMENT_TARGET = 17.0;
				LOCALIZATION_PREFERS_STRING_CATALOGS = YES;
				MTL_ENABLE_DEBUG_INFO = INCLUDE_SOURCE;
				MTL_FAST_MATH = YES;
				ONLY_ACTIVE_ARCH = YES;
				SDKROOT = iphoneos;
				SWIFT_ACTIVE_COMPILATION_CONDITIONS = "DEBUG $(inherited)";
				SWIFT_OPTIMIZATION_LEVEL = "-Onone";
			};
			name = Debug;
		};
		DEF7C75A2B4CD2E000B43BEB /* Release */ = {
			isa = XCBuildConfiguration;
			buildSettings = {
				ALWAYS_SEARCH_USER_PATHS = NO;
				ASSETCATALOG_COMPILER_GENERATE_SWIFT_ASSET_SYMBOL_EXTENSIONS = YES;
				CLANG_ANALYZER_NONNULL = YES;
				CLANG_ANALYZER_NUMBER_OBJECT_CONVERSION = YES_AGGRESSIVE;
				CLANG_CXX_LANGUAGE_STANDARD = "gnu++20";
				CLANG_ENABLE_MODULES = YES;
				CLANG_ENABLE_OBJC_ARC = YES;
				CLANG_ENABLE_OBJC_WEAK = YES;
				CLANG_WARN_BLOCK_CAPTURE_AUTORELEASING = YES;
				CLANG_WARN_BOOL_CONVERSION = YES;
				CLANG_WARN_COMMA = YES;
				CLANG_WARN_CONSTANT_CONVERSION = YES;
				CLANG_WARN_DEPRECATED_OBJC_IMPLEMENTATIONS = YES;
				CLANG_WARN_DIRECT_OBJC_ISA_USAGE = YES_ERROR;
				CLANG_WARN_DOCUMENTATION_COMMENTS = YES;
				CLANG_WARN_EMPTY_BODY = YES;
				CLANG_WARN_ENUM_CONVERSION = YES;
				CLANG_WARN_INFINITE_RECURSION = YES;
				CLANG_WARN_INT_CONVERSION = YES;
				CLANG_WARN_NON_LITERAL_NULL_CONVERSION = YES;
				CLANG_WARN_OBJC_IMPLICIT_RETAIN_SELF = YES;
				CLANG_WARN_OBJC_LITERAL_CONVERSION = YES;
				CLANG_WARN_OBJC_ROOT_CLASS = YES_ERROR;
				CLANG_WARN_QUOTED_INCLUDE_IN_FRAMEWORK_HEADER = YES;
				CLANG_WARN_RANGE_LOOP_ANALYSIS = YES;
				CLANG_WARN_STRICT_PROTOTYPES = YES;
				CLANG_WARN_SUSPICIOUS_MOVE = YES;
				CLANG_WARN_UNGUARDED_AVAILABILITY = YES_AGGRESSIVE;
				CLANG_WARN_UNREACHABLE_CODE = YES;
				CLANG_WARN__DUPLICATE_METHOD_MATCH = YES;
				COPY_PHASE_STRIP = NO;
				DEBUG_INFORMATION_FORMAT = "dwarf-with-dsym";
				ENABLE_NS_ASSERTIONS = NO;
				ENABLE_STRICT_OBJC_MSGSEND = YES;
				ENABLE_USER_SCRIPT_SANDBOXING = YES;
				GCC_C_LANGUAGE_STANDARD = gnu17;
				GCC_NO_COMMON_BLOCKS = YES;
				GCC_WARN_64_TO_32_BIT_CONVERSION = YES;
				GCC_WARN_ABOUT_RETURN_TYPE = YES_ERROR;
				GCC_WARN_UNDECLARED_SELECTOR = YES;
				GCC_WARN_UNINITIALIZED_AUTOS = YES_AGGRESSIVE;
				GCC_WARN_UNUSED_FUNCTION = YES;
				GCC_WARN_UNUSED_VARIABLE = YES;
				IPHONEOS_DEPLOYMENT_TARGET = 17.0;
				LOCALIZATION_PREFERS_STRING_CATALOGS = YES;
				MTL_ENABLE_DEBUG_INFO = NO;
				MTL_FAST_MATH = YES;
				SDKROOT = iphoneos;
				SWIFT_COMPILATION_MODE = wholemodule;
				VALIDATE_PRODUCT = YES;
			};
			name = Release;
		};
		DEF7C75C2B4CD2E000B43BEB /* Debug */ = {
			isa = XCBuildConfiguration;
			buildSettings = {
				ASSETCATALOG_COMPILER_APPICON_NAME = AppIcon;
				ASSETCATALOG_COMPILER_GLOBAL_ACCENT_COLOR_NAME = AccentColor;
				CODE_SIGN_STYLE = Automatic;
				CURRENT_PROJECT_VERSION = 1;
				DEVELOPMENT_TEAM = TFAADZ4278;
				GENERATE_INFOPLIST_FILE = YES;
				INFOPLIST_FILE = EssentialApp/Info.plist;
				INFOPLIST_KEY_UIApplicationSupportsIndirectInputEvents = YES;
				INFOPLIST_KEY_UILaunchStoryboardName = LaunchScreen;
				INFOPLIST_KEY_UISupportedInterfaceOrientations = UIInterfaceOrientationPortrait;
				INFOPLIST_KEY_UISupportedInterfaceOrientations_iPad = "UIInterfaceOrientationLandscapeLeft UIInterfaceOrientationLandscapeRight UIInterfaceOrientationPortrait UIInterfaceOrientationPortraitUpsideDown";
				LD_RUNPATH_SEARCH_PATHS = (
					"$(inherited)",
					"@executable_path/Frameworks",
				);
				MARKETING_VERSION = 1.0;
				PRODUCT_BUNDLE_IDENTIFIER = app.kai7.EssentialApp;
				PRODUCT_NAME = "$(TARGET_NAME)";
				SUPPORTED_PLATFORMS = "iphoneos iphonesimulator";
				SUPPORTS_MACCATALYST = NO;
				SWIFT_EMIT_LOC_STRINGS = YES;
				SWIFT_VERSION = 5.0;
				TARGETED_DEVICE_FAMILY = 1;
			};
			name = Debug;
		};
		DEF7C75D2B4CD2E000B43BEB /* Release */ = {
			isa = XCBuildConfiguration;
			buildSettings = {
				ASSETCATALOG_COMPILER_APPICON_NAME = AppIcon;
				ASSETCATALOG_COMPILER_GLOBAL_ACCENT_COLOR_NAME = AccentColor;
				CODE_SIGN_STYLE = Automatic;
				CURRENT_PROJECT_VERSION = 1;
				DEVELOPMENT_TEAM = TFAADZ4278;
				GENERATE_INFOPLIST_FILE = YES;
				INFOPLIST_FILE = EssentialApp/Info.plist;
				INFOPLIST_KEY_UIApplicationSupportsIndirectInputEvents = YES;
				INFOPLIST_KEY_UILaunchStoryboardName = LaunchScreen;
				INFOPLIST_KEY_UISupportedInterfaceOrientations = UIInterfaceOrientationPortrait;
				INFOPLIST_KEY_UISupportedInterfaceOrientations_iPad = "UIInterfaceOrientationLandscapeLeft UIInterfaceOrientationLandscapeRight UIInterfaceOrientationPortrait UIInterfaceOrientationPortraitUpsideDown";
				LD_RUNPATH_SEARCH_PATHS = (
					"$(inherited)",
					"@executable_path/Frameworks",
				);
				MARKETING_VERSION = 1.0;
				PRODUCT_BUNDLE_IDENTIFIER = app.kai7.EssentialApp;
				PRODUCT_NAME = "$(TARGET_NAME)";
				SUPPORTED_PLATFORMS = "iphoneos iphonesimulator";
				SUPPORTS_MACCATALYST = NO;
				SWIFT_EMIT_LOC_STRINGS = YES;
				SWIFT_VERSION = 5.0;
				TARGETED_DEVICE_FAMILY = 1;
			};
			name = Release;
		};
		DEF7C7682B4CD37D00B43BEB /* Debug */ = {
			isa = XCBuildConfiguration;
			buildSettings = {
				BUNDLE_LOADER = "$(TEST_HOST)";
				CLANG_ENABLE_MODULES = YES;
				CODE_SIGN_STYLE = Automatic;
				CURRENT_PROJECT_VERSION = 1;
				DEVELOPMENT_TEAM = TFAADZ4278;
				GENERATE_INFOPLIST_FILE = YES;
				MARKETING_VERSION = 1.0;
				PRODUCT_BUNDLE_IDENTIFIER = app.kai7.EssentialAppTests;
				PRODUCT_NAME = "$(TARGET_NAME)";
				SWIFT_EMIT_LOC_STRINGS = NO;
				SWIFT_OPTIMIZATION_LEVEL = "-Onone";
				SWIFT_VERSION = 5.0;
				TARGETED_DEVICE_FAMILY = "1,2";
				TEST_HOST = "$(BUILT_PRODUCTS_DIR)/EssentialApp.app/$(BUNDLE_EXECUTABLE_FOLDER_PATH)/EssentialApp";
			};
			name = Debug;
		};
		DEF7C7692B4CD37D00B43BEB /* Release */ = {
			isa = XCBuildConfiguration;
			buildSettings = {
				BUNDLE_LOADER = "$(TEST_HOST)";
				CLANG_ENABLE_MODULES = YES;
				CODE_SIGN_STYLE = Automatic;
				CURRENT_PROJECT_VERSION = 1;
				DEVELOPMENT_TEAM = TFAADZ4278;
				GENERATE_INFOPLIST_FILE = YES;
				MARKETING_VERSION = 1.0;
				PRODUCT_BUNDLE_IDENTIFIER = app.kai7.EssentialAppTests;
				PRODUCT_NAME = "$(TARGET_NAME)";
				SWIFT_EMIT_LOC_STRINGS = NO;
				SWIFT_VERSION = 5.0;
				TARGETED_DEVICE_FAMILY = "1,2";
				TEST_HOST = "$(BUILT_PRODUCTS_DIR)/EssentialApp.app/$(BUNDLE_EXECUTABLE_FOLDER_PATH)/EssentialApp";
			};
			name = Release;
		};
/* End XCBuildConfiguration section */

/* Begin XCConfigurationList section */
		DEF7C7422B4CD2DE00B43BEB /* Build configuration list for PBXProject "EssentialApp" */ = {
			isa = XCConfigurationList;
			buildConfigurations = (
				DEF7C7592B4CD2E000B43BEB /* Debug */,
				DEF7C75A2B4CD2E000B43BEB /* Release */,
			);
			defaultConfigurationIsVisible = 0;
			defaultConfigurationName = Release;
		};
		DEF7C75B2B4CD2E000B43BEB /* Build configuration list for PBXNativeTarget "EssentialApp" */ = {
			isa = XCConfigurationList;
			buildConfigurations = (
				DEF7C75C2B4CD2E000B43BEB /* Debug */,
				DEF7C75D2B4CD2E000B43BEB /* Release */,
			);
			defaultConfigurationIsVisible = 0;
			defaultConfigurationName = Release;
		};
		DEF7C76A2B4CD37D00B43BEB /* Build configuration list for PBXNativeTarget "EssentialAppTests" */ = {
			isa = XCConfigurationList;
			buildConfigurations = (
				DEF7C7682B4CD37D00B43BEB /* Debug */,
				DEF7C7692B4CD37D00B43BEB /* Release */,
			);
			defaultConfigurationIsVisible = 0;
			defaultConfigurationName = Release;
		};
/* End XCConfigurationList section */
	};
	rootObject = DEF7C73F2B4CD2DE00B43BEB /* Project object */;
}
